// !$*UTF8*$!
{
	archiveVersion = 1;
	classes = {
	};
	objectVersion = 46;
	objects = {

/* Begin PBXBuildFile section */
		7CC64FF41DC0ACB600837559 /* AppDelegate.swift in Sources */ = {isa = PBXBuildFile; fileRef = 7CC64FF31DC0ACB600837559 /* AppDelegate.swift */; };
		7CC64FF61DC0ACB600837559 /* ViewController.swift in Sources */ = {isa = PBXBuildFile; fileRef = 7CC64FF51DC0ACB600837559 /* ViewController.swift */; };
		7CC64FF91DC0ACB600837559 /* Main.storyboard in Resources */ = {isa = PBXBuildFile; fileRef = 7CC64FF71DC0ACB600837559 /* Main.storyboard */; };
		7CC64FFB1DC0ACB600837559 /* Assets.xcassets in Resources */ = {isa = PBXBuildFile; fileRef = 7CC64FFA1DC0ACB600837559 /* Assets.xcassets */; };
		7CC64FFE1DC0ACB600837559 /* LaunchScreen.storyboard in Resources */ = {isa = PBXBuildFile; fileRef = 7CC64FFC1DC0ACB600837559 /* LaunchScreen.storyboard */; };
		7CC650091DC0ACB700837559 /* MapKitDemoTests.swift in Sources */ = {isa = PBXBuildFile; fileRef = 7CC650081DC0ACB700837559 /* MapKitDemoTests.swift */; };
		7CC650141DC0ACB700837559 /* MapKitDemoUITests.swift in Sources */ = {isa = PBXBuildFile; fileRef = 7CC650131DC0ACB700837559 /* MapKitDemoUITests.swift */; };
/* End PBXBuildFile section */

/* Begin PBXContainerItemProxy section */
		7CC650051DC0ACB700837559 /* PBXContainerItemProxy */ = {
			isa = PBXContainerItemProxy;
			containerPortal = 7CC64FE81DC0ACB600837559 /* Project object */;
			proxyType = 1;
			remoteGlobalIDString = 7CC64FEF1DC0ACB600837559;
			remoteInfo = MapKitDemo;
		};
		7CC650101DC0ACB700837559 /* PBXContainerItemProxy */ = {
			isa = PBXContainerItemProxy;
			containerPortal = 7CC64FE81DC0ACB600837559 /* Project object */;
			proxyType = 1;
			remoteGlobalIDString = 7CC64FEF1DC0ACB600837559;
			remoteInfo = MapKitDemo;
		};
/* End PBXContainerItemProxy section */

/* Begin PBXFileReference section */
		7CC64FF01DC0ACB600837559 /* MapKitDemo.app */ = {isa = PBXFileReference; explicitFileType = wrapper.application; includeInIndex = 0; path = MapKitDemo.app; sourceTree = BUILT_PRODUCTS_DIR; };
		7CC64FF31DC0ACB600837559 /* AppDelegate.swift */ = {isa = PBXFileReference; lastKnownFileType = sourcecode.swift; path = AppDelegate.swift; sourceTree = "<group>"; };
		7CC64FF51DC0ACB600837559 /* ViewController.swift */ = {isa = PBXFileReference; lastKnownFileType = sourcecode.swift; path = ViewController.swift; sourceTree = "<group>"; };
		7CC64FF81DC0ACB600837559 /* Base */ = {isa = PBXFileReference; lastKnownFileType = file.storyboard; name = Base; path = Base.lproj/Main.storyboard; sourceTree = "<group>"; };
		7CC64FFA1DC0ACB600837559 /* Assets.xcassets */ = {isa = PBXFileReference; lastKnownFileType = folder.assetcatalog; path = Assets.xcassets; sourceTree = "<group>"; };
		7CC64FFD1DC0ACB600837559 /* Base */ = {isa = PBXFileReference; lastKnownFileType = file.storyboard; name = Base; path = Base.lproj/LaunchScreen.storyboard; sourceTree = "<group>"; };
		7CC64FFF1DC0ACB600837559 /* Info.plist */ = {isa = PBXFileReference; lastKnownFileType = text.plist.xml; path = Info.plist; sourceTree = "<group>"; };
		7CC650041DC0ACB700837559 /* MapKitDemoTests.xctest */ = {isa = PBXFileReference; explicitFileType = wrapper.cfbundle; includeInIndex = 0; path = MapKitDemoTests.xctest; sourceTree = BUILT_PRODUCTS_DIR; };
		7CC650081DC0ACB700837559 /* MapKitDemoTests.swift */ = {isa = PBXFileReference; lastKnownFileType = sourcecode.swift; path = MapKitDemoTests.swift; sourceTree = "<group>"; };
		7CC6500A1DC0ACB700837559 /* Info.plist */ = {isa = PBXFileReference; lastKnownFileType = text.plist.xml; path = Info.plist; sourceTree = "<group>"; };
		7CC6500F1DC0ACB700837559 /* MapKitDemoUITests.xctest */ = {isa = PBXFileReference; explicitFileType = wrapper.cfbundle; includeInIndex = 0; path = MapKitDemoUITests.xctest; sourceTree = BUILT_PRODUCTS_DIR; };
		7CC650131DC0ACB700837559 /* MapKitDemoUITests.swift */ = {isa = PBXFileReference; lastKnownFileType = sourcecode.swift; path = MapKitDemoUITests.swift; sourceTree = "<group>"; };
		7CC650151DC0ACB700837559 /* Info.plist */ = {isa = PBXFileReference; lastKnownFileType = text.plist.xml; path = Info.plist; sourceTree = "<group>"; };
/* End PBXFileReference section */

/* Begin PBXFrameworksBuildPhase section */
		7CC64FED1DC0ACB600837559 /* Frameworks */ = {
			isa = PBXFrameworksBuildPhase;
			buildActionMask = 2147483647;
			files = (
			);
			runOnlyForDeploymentPostprocessing = 0;
		};
		7CC650011DC0ACB700837559 /* Frameworks */ = {
			isa = PBXFrameworksBuildPhase;
			buildActionMask = 2147483647;
			files = (
			);
			runOnlyForDeploymentPostprocessing = 0;
		};
		7CC6500C1DC0ACB700837559 /* Frameworks */ = {
			isa = PBXFrameworksBuildPhase;
			buildActionMask = 2147483647;
			files = (
			);
			runOnlyForDeploymentPostprocessing = 0;
		};
/* End PBXFrameworksBuildPhase section */

/* Begin PBXGroup section */
		7CC64FE71DC0ACB600837559 = {
			isa = PBXGroup;
			children = (
				7CC64FF21DC0ACB600837559 /* MapKitDemo */,
				7CC650071DC0ACB700837559 /* MapKitDemoTests */,
				7CC650121DC0ACB700837559 /* MapKitDemoUITests */,
				7CC64FF11DC0ACB600837559 /* Products */,
			);
			sourceTree = "<group>";
		};
		7CC64FF11DC0ACB600837559 /* Products */ = {
			isa = PBXGroup;
			children = (
				7CC64FF01DC0ACB600837559 /* MapKitDemo.app */,
				7CC650041DC0ACB700837559 /* MapKitDemoTests.xctest */,
				7CC6500F1DC0ACB700837559 /* MapKitDemoUITests.xctest */,
			);
			name = Products;
			sourceTree = "<group>";
		};
		7CC64FF21DC0ACB600837559 /* MapKitDemo */ = {
			isa = PBXGroup;
			children = (
				7CC64FF31DC0ACB600837559 /* AppDelegate.swift */,
				7CC64FF51DC0ACB600837559 /* ViewController.swift */,
				7CC64FF71DC0ACB600837559 /* Main.storyboard */,
				7CC64FFA1DC0ACB600837559 /* Assets.xcassets */,
				7CC64FFC1DC0ACB600837559 /* LaunchScreen.storyboard */,
				7CC64FFF1DC0ACB600837559 /* Info.plist */,
			);
			path = MapKitDemo;
			sourceTree = "<group>";
		};
		7CC650071DC0ACB700837559 /* MapKitDemoTests */ = {
			isa = PBXGroup;
			children = (
				7CC650081DC0ACB700837559 /* MapKitDemoTests.swift */,
				7CC6500A1DC0ACB700837559 /* Info.plist */,
			);
			path = MapKitDemoTests;
			sourceTree = "<group>";
		};
		7CC650121DC0ACB700837559 /* MapKitDemoUITests */ = {
			isa = PBXGroup;
			children = (
				7CC650131DC0ACB700837559 /* MapKitDemoUITests.swift */,
				7CC650151DC0ACB700837559 /* Info.plist */,
			);
			path = MapKitDemoUITests;
			sourceTree = "<group>";
		};
/* End PBXGroup section */

/* Begin PBXNativeTarget section */
		7CC64FEF1DC0ACB600837559 /* MapKitDemo */ = {
			isa = PBXNativeTarget;
			buildConfigurationList = 7CC650181DC0ACB700837559 /* Build configuration list for PBXNativeTarget "MapKitDemo" */;
			buildPhases = (
				7CC64FEC1DC0ACB600837559 /* Sources */,
				7CC64FED1DC0ACB600837559 /* Frameworks */,
				7CC64FEE1DC0ACB600837559 /* Resources */,
			);
			buildRules = (
			);
			dependencies = (
			);
			name = MapKitDemo;
			productName = MapKitDemo;
			productReference = 7CC64FF01DC0ACB600837559 /* MapKitDemo.app */;
			productType = "com.apple.product-type.application";
		};
		7CC650031DC0ACB700837559 /* MapKitDemoTests */ = {
			isa = PBXNativeTarget;
			buildConfigurationList = 7CC6501B1DC0ACB700837559 /* Build configuration list for PBXNativeTarget "MapKitDemoTests" */;
			buildPhases = (
				7CC650001DC0ACB700837559 /* Sources */,
				7CC650011DC0ACB700837559 /* Frameworks */,
				7CC650021DC0ACB700837559 /* Resources */,
			);
			buildRules = (
			);
			dependencies = (
				7CC650061DC0ACB700837559 /* PBXTargetDependency */,
			);
			name = MapKitDemoTests;
			productName = MapKitDemoTests;
			productReference = 7CC650041DC0ACB700837559 /* MapKitDemoTests.xctest */;
			productType = "com.apple.product-type.bundle.unit-test";
		};
		7CC6500E1DC0ACB700837559 /* MapKitDemoUITests */ = {
			isa = PBXNativeTarget;
			buildConfigurationList = 7CC6501E1DC0ACB700837559 /* Build configuration list for PBXNativeTarget "MapKitDemoUITests" */;
			buildPhases = (
				7CC6500B1DC0ACB700837559 /* Sources */,
				7CC6500C1DC0ACB700837559 /* Frameworks */,
				7CC6500D1DC0ACB700837559 /* Resources */,
			);
			buildRules = (
			);
			dependencies = (
				7CC650111DC0ACB700837559 /* PBXTargetDependency */,
			);
			name = MapKitDemoUITests;
			productName = MapKitDemoUITests;
			productReference = 7CC6500F1DC0ACB700837559 /* MapKitDemoUITests.xctest */;
			productType = "com.apple.product-type.bundle.ui-testing";
		};
/* End PBXNativeTarget section */

/* Begin PBXProject section */
		7CC64FE81DC0ACB600837559 /* Project object */ = {
			isa = PBXProject;
			attributes = {
				LastSwiftUpdateCheck = 0800;
				LastUpgradeCheck = 0800;
				ORGANIZATIONNAME = "Sharad Paghadal";
				TargetAttributes = {
					7CC64FEF1DC0ACB600837559 = {
						CreatedOnToolsVersion = 8.0;
						ProvisioningStyle = Automatic;
					};
					7CC650031DC0ACB700837559 = {
						CreatedOnToolsVersion = 8.0;
						ProvisioningStyle = Automatic;
						TestTargetID = 7CC64FEF1DC0ACB600837559;
					};
					7CC6500E1DC0ACB700837559 = {
						CreatedOnToolsVersion = 8.0;
						ProvisioningStyle = Automatic;
						TestTargetID = 7CC64FEF1DC0ACB600837559;
					};
				};
			};
			buildConfigurationList = 7CC64FEB1DC0ACB600837559 /* Build configuration list for PBXProject "MapKitDemo" */;
			compatibilityVersion = "Xcode 3.2";
			developmentRegion = English;
			hasScannedForEncodings = 0;
			knownRegions = (
				en,
				Base,
			);
			mainGroup = 7CC64FE71DC0ACB600837559;
			productRefGroup = 7CC64FF11DC0ACB600837559 /* Products */;
			projectDirPath = "";
			projectRoot = "";
			targets = (
				7CC64FEF1DC0ACB600837559 /* MapKitDemo */,
				7CC650031DC0ACB700837559 /* MapKitDemoTests */,
				7CC6500E1DC0ACB700837559 /* MapKitDemoUITests */,
			);
		};
/* End PBXProject section */

/* Begin PBXResourcesBuildPhase section */
		7CC64FEE1DC0ACB600837559 /* Resources */ = {
			isa = PBXResourcesBuildPhase;
			buildActionMask = 2147483647;
			files = (
				7CC64FFE1DC0ACB600837559 /* LaunchScreen.storyboard in Resources */,
				7CC64FFB1DC0ACB600837559 /* Assets.xcassets in Resources */,
				7CC64FF91DC0ACB600837559 /* Main.storyboard in Resources */,
			);
			runOnlyForDeploymentPostprocessing = 0;
		};
		7CC650021DC0ACB700837559 /* Resources */ = {
			isa = PBXResourcesBuildPhase;
			buildActionMask = 2147483647;
			files = (
			);
			runOnlyForDeploymentPostprocessing = 0;
		};
		7CC6500D1DC0ACB700837559 /* Resources */ = {
			isa = PBXResourcesBuildPhase;
			buildActionMask = 2147483647;
			files = (
			);
			runOnlyForDeploymentPostprocessing = 0;
		};
/* End PBXResourcesBuildPhase section */

/* Begin PBXSourcesBuildPhase section */
		7CC64FEC1DC0ACB600837559 /* Sources */ = {
			isa = PBXSourcesBuildPhase;
			buildActionMask = 2147483647;
			files = (
				7CC64FF61DC0ACB600837559 /* ViewController.swift in Sources */,
				7CC64FF41DC0ACB600837559 /* AppDelegate.swift in Sources */,
			);
			runOnlyForDeploymentPostprocessing = 0;
		};
		7CC650001DC0ACB700837559 /* Sources */ = {
			isa = PBXSourcesBuildPhase;
			buildActionMask = 2147483647;
			files = (
				7CC650091DC0ACB700837559 /* MapKitDemoTests.swift in Sources */,
			);
			runOnlyForDeploymentPostprocessing = 0;
		};
		7CC6500B1DC0ACB700837559 /* Sources */ = {
			isa = PBXSourcesBuildPhase;
			buildActionMask = 2147483647;
			files = (
				7CC650141DC0ACB700837559 /* MapKitDemoUITests.swift in Sources */,
			);
			runOnlyForDeploymentPostprocessing = 0;
		};
/* End PBXSourcesBuildPhase section */

/* Begin PBXTargetDependency section */
		7CC650061DC0ACB700837559 /* PBXTargetDependency */ = {
			isa = PBXTargetDependency;
			target = 7CC64FEF1DC0ACB600837559 /* MapKitDemo */;
			targetProxy = 7CC650051DC0ACB700837559 /* PBXContainerItemProxy */;
		};
		7CC650111DC0ACB700837559 /* PBXTargetDependency */ = {
			isa = PBXTargetDependency;
			target = 7CC64FEF1DC0ACB600837559 /* MapKitDemo */;
			targetProxy = 7CC650101DC0ACB700837559 /* PBXContainerItemProxy */;
		};
/* End PBXTargetDependency section */

/* Begin PBXVariantGroup section */
		7CC64FF71DC0ACB600837559 /* Main.storyboard */ = {
			isa = PBXVariantGroup;
			children = (
				7CC64FF81DC0ACB600837559 /* Base */,
			);
			name = Main.storyboard;
			sourceTree = "<group>";
		};
		7CC64FFC1DC0ACB600837559 /* LaunchScreen.storyboard */ = {
			isa = PBXVariantGroup;
			children = (
				7CC64FFD1DC0ACB600837559 /* Base */,
			);
			name = LaunchScreen.storyboard;
			sourceTree = "<group>";
		};
/* End PBXVariantGroup section */

/* Begin XCBuildConfiguration section */
		7CC650161DC0ACB700837559 /* Debug */ = {
			isa = XCBuildConfiguration;
			buildSettings = {
				ALWAYS_SEARCH_USER_PATHS = NO;
				CLANG_ANALYZER_NONNULL = YES;
				CLANG_CXX_LANGUAGE_STANDARD = "gnu++0x";
				CLANG_CXX_LIBRARY = "libc++";
				CLANG_ENABLE_MODULES = YES;
				CLANG_ENABLE_OBJC_ARC = YES;
				CLANG_WARN_BOOL_CONVERSION = YES;
				CLANG_WARN_CONSTANT_CONVERSION = YES;
				CLANG_WARN_DIRECT_OBJC_ISA_USAGE = YES_ERROR;
				CLANG_WARN_DOCUMENTATION_COMMENTS = YES;
				CLANG_WARN_EMPTY_BODY = YES;
				CLANG_WARN_ENUM_CONVERSION = YES;
				CLANG_WARN_INFINITE_RECURSION = YES;
				CLANG_WARN_INT_CONVERSION = YES;
				CLANG_WARN_OBJC_ROOT_CLASS = YES_ERROR;
				CLANG_WARN_SUSPICIOUS_MOVES = YES;
				CLANG_WARN_UNREACHABLE_CODE = YES;
				CLANG_WARN__DUPLICATE_METHOD_MATCH = YES;
				"CODE_SIGN_IDENTITY[sdk=iphoneos*]" = "iPhone Developer";
				COPY_PHASE_STRIP = NO;
				DEBUG_INFORMATION_FORMAT = dwarf;
				ENABLE_STRICT_OBJC_MSGSEND = YES;
				ENABLE_TESTABILITY = YES;
				GCC_C_LANGUAGE_STANDARD = gnu99;
				GCC_DYNAMIC_NO_PIC = NO;
				GCC_NO_COMMON_BLOCKS = YES;
				GCC_OPTIMIZATION_LEVEL = 0;
				GCC_PREPROCESSOR_DEFINITIONS = (
					"DEBUG=1",
					"$(inherited)",
				);
				GCC_WARN_64_TO_32_BIT_CONVERSION = YES;
				GCC_WARN_ABOUT_RETURN_TYPE = YES_ERROR;
				GCC_WARN_UNDECLARED_SELECTOR = YES;
				GCC_WARN_UNINITIALIZED_AUTOS = YES_AGGRESSIVE;
				GCC_WARN_UNUSED_FUNCTION = YES;
				GCC_WARN_UNUSED_VARIABLE = YES;
				IPHONEOS_DEPLOYMENT_TARGET = 10.0;
				MTL_ENABLE_DEBUG_INFO = YES;
				ONLY_ACTIVE_ARCH = YES;
				SDKROOT = iphoneos;
				SWIFT_ACTIVE_COMPILATION_CONDITIONS = DEBUG;
				SWIFT_OPTIMIZATION_LEVEL = "-Onone";
				TARGETED_DEVICE_FAMILY = "1,2";
			};
			name = Debug;
		};
		7CC650171DC0ACB700837559 /* Release */ = {
			isa = XCBuildConfiguration;
			buildSettings = {
				ALWAYS_SEARCH_USER_PATHS = NO;
				CLANG_ANALYZER_NONNULL = YES;
				CLANG_CXX_LANGUAGE_STANDARD = "gnu++0x";
				CLANG_CXX_LIBRARY = "libc++";
				CLANG_ENABLE_MODULES = YES;
				CLANG_ENABLE_OBJC_ARC = YES;
				CLANG_WARN_BOOL_CONVERSION = YES;
				CLANG_WARN_CONSTANT_CONVERSION = YES;
				CLANG_WARN_DIRECT_OBJC_ISA_USAGE = YES_ERROR;
				CLANG_WARN_DOCUMENTATION_COMMENTS = YES;
				CLANG_WARN_EMPTY_BODY = YES;
				CLANG_WARN_ENUM_CONVERSION = YES;
				CLANG_WARN_INFINITE_RECURSION = YES;
				CLANG_WARN_INT_CONVERSION = YES;
				CLANG_WARN_OBJC_ROOT_CLASS = YES_ERROR;
				CLANG_WARN_SUSPICIOUS_MOVES = YES;
				CLANG_WARN_UNREACHABLE_CODE = YES;
				CLANG_WARN__DUPLICATE_METHOD_MATCH = YES;
				"CODE_SIGN_IDENTITY[sdk=iphoneos*]" = "iPhone Developer";
				COPY_PHASE_STRIP = NO;
				DEBUG_INFORMATION_FORMAT = "dwarf-with-dsym";
				ENABLE_NS_ASSERTIONS = NO;
				ENABLE_STRICT_OBJC_MSGSEND = YES;
				GCC_C_LANGUAGE_STANDARD = gnu99;
				GCC_NO_COMMON_BLOCKS = YES;
				GCC_WARN_64_TO_32_BIT_CONVERSION = YES;
				GCC_WARN_ABOUT_RETURN_TYPE = YES_ERROR;
				GCC_WARN_UNDECLARED_SELECTOR = YES;
				GCC_WARN_UNINITIALIZED_AUTOS = YES_AGGRESSIVE;
				GCC_WARN_UNUSED_FUNCTION = YES;
				GCC_WARN_UNUSED_VARIABLE = YES;
				IPHONEOS_DEPLOYMENT_TARGET = 10.0;
				MTL_ENABLE_DEBUG_INFO = NO;
				SDKROOT = iphoneos;
				SWIFT_OPTIMIZATION_LEVEL = "-Owholemodule";
				TARGETED_DEVICE_FAMILY = "1,2";
				VALIDATE_PRODUCT = YES;
			};
			name = Release;
		};
		7CC650191DC0ACB700837559 /* Debug */ = {
			isa = XCBuildConfiguration;
			buildSettings = {
				ASSETCATALOG_COMPILER_APPICON_NAME = AppIcon;
				INFOPLIST_FILE = MapKitDemo/Info.plist;
				LD_RUNPATH_SEARCH_PATHS = "$(inherited) @executable_path/Frameworks";
				PRODUCT_BUNDLE_IDENTIFIER = sharad.MapKitDemo;
				PRODUCT_NAME = "$(TARGET_NAME)";
				SWIFT_VERSION = 3.0;
			};
			name = Debug;
		};
		7CC6501A1DC0ACB700837559 /* Release */ = {
			isa = XCBuildConfiguration;
			buildSettings = {
				ASSETCATALOG_COMPILER_APPICON_NAME = AppIcon;
				INFOPLIST_FILE = MapKitDemo/Info.plist;
				LD_RUNPATH_SEARCH_PATHS = "$(inherited) @executable_path/Frameworks";
				PRODUCT_BUNDLE_IDENTIFIER = sharad.MapKitDemo;
				PRODUCT_NAME = "$(TARGET_NAME)";
				SWIFT_VERSION = 3.0;
			};
			name = Release;
		};
		7CC6501C1DC0ACB700837559 /* Debug */ = {
			isa = XCBuildConfiguration;
			buildSettings = {
				ALWAYS_EMBED_SWIFT_STANDARD_LIBRARIES = YES;
				BUNDLE_LOADER = "$(TEST_HOST)";
				INFOPLIST_FILE = MapKitDemoTests/Info.plist;
				LD_RUNPATH_SEARCH_PATHS = "$(inherited) @executable_path/Frameworks @loader_path/Frameworks";
				PRODUCT_BUNDLE_IDENTIFIER = sharad.MapKitDemoTests;
				PRODUCT_NAME = "$(TARGET_NAME)";
				SWIFT_VERSION = 3.0;
				TEST_HOST = "$(BUILT_PRODUCTS_DIR)/MapKitDemo.app/MapKitDemo";
			};
			name = Debug;
		};
		7CC6501D1DC0ACB700837559 /* Release */ = {
			isa = XCBuildConfiguration;
			buildSettings = {
				ALWAYS_EMBED_SWIFT_STANDARD_LIBRARIES = YES;
				BUNDLE_LOADER = "$(TEST_HOST)";
				INFOPLIST_FILE = MapKitDemoTests/Info.plist;
				LD_RUNPATH_SEARCH_PATHS = "$(inherited) @executable_path/Frameworks @loader_path/Frameworks";
				PRODUCT_BUNDLE_IDENTIFIER = sharad.MapKitDemoTests;
				PRODUCT_NAME = "$(TARGET_NAME)";
				SWIFT_VERSION = 3.0;
				TEST_HOST = "$(BUILT_PRODUCTS_DIR)/MapKitDemo.app/MapKitDemo";
			};
			name = Release;
		};
		7CC6501F1DC0ACB700837559 /* Debug */ = {
			isa = XCBuildConfiguration;
			buildSettings = {
				ALWAYS_EMBED_SWIFT_STANDARD_LIBRARIES = YES;
				INFOPLIST_FILE = MapKitDemoUITests/Info.plist;
				LD_RUNPATH_SEARCH_PATHS = "$(inherited) @executable_path/Frameworks @loader_path/Frameworks";
				PRODUCT_BUNDLE_IDENTIFIER = sharad.MapKitDemoUITests;
				PRODUCT_NAME = "$(TARGET_NAME)";
				SWIFT_VERSION = 3.0;
				TEST_TARGET_NAME = MapKitDemo;
			};
			name = Debug;
		};
		7CC650201DC0ACB700837559 /* Release */ = {
			isa = XCBuildConfiguration;
			buildSettings = {
				ALWAYS_EMBED_SWIFT_STANDARD_LIBRARIES = YES;
				INFOPLIST_FILE = MapKitDemoUITests/Info.plist;
				LD_RUNPATH_SEARCH_PATHS = "$(inherited) @executable_path/Frameworks @loader_path/Frameworks";
				PRODUCT_BUNDLE_IDENTIFIER = sharad.MapKitDemoUITests;
				PRODUCT_NAME = "$(TARGET_NAME)";
				SWIFT_VERSION = 3.0;
				TEST_TARGET_NAME = MapKitDemo;
			};
			name = Release;
		};
/* End XCBuildConfiguration section */

/* Begin XCConfigurationList section */
		7CC64FEB1DC0ACB600837559 /* Build configuration list for PBXProject "MapKitDemo" */ = {
			isa = XCConfigurationList;
			buildConfigurations = (
				7CC650161DC0ACB700837559 /* Debug */,
				7CC650171DC0ACB700837559 /* Release */,
			);
			defaultConfigurationIsVisible = 0;
			defaultConfigurationName = Release;
		};
		7CC650181DC0ACB700837559 /* Build configuration list for PBXNativeTarget "MapKitDemo" */ = {
			isa = XCConfigurationList;
			buildConfigurations = (
				7CC650191DC0ACB700837559 /* Debug */,
				7CC6501A1DC0ACB700837559 /* Release */,
			);
			defaultConfigurationIsVisible = 0;
		};
		7CC6501B1DC0ACB700837559 /* Build configuration list for PBXNativeTarget "MapKitDemoTests" */ = {
			isa = XCConfigurationList;
			buildConfigurations = (
				7CC6501C1DC0ACB700837559 /* Debug */,
				7CC6501D1DC0ACB700837559 /* Release */,
			);
			defaultConfigurationIsVisible = 0;
		};
		7CC6501E1DC0ACB700837559 /* Build configuration list for PBXNativeTarget "MapKitDemoUITests" */ = {
			isa = XCConfigurationList;
			buildConfigurations = (
				7CC6501F1DC0ACB700837559 /* Debug */,
				7CC650201DC0ACB700837559 /* Release */,
			);
			defaultConfigurationIsVisible = 0;
		};
/* End XCConfigurationList section */
	};
	rootObject = 7CC64FE81DC0ACB600837559 /* Project object */;
}
