// !$*UTF8*$!
{
	archiveVersion = 1;
	classes = {
	};
	objectVersion = 46;
	objects = {

/* Begin PBXBuildFile section */
		7C9AA6CE1E0CD940003EB80B /* TableViewCell.swift in Sources */ = {isa = PBXBuildFile; fileRef = 7C9AA6CD1E0CD940003EB80B /* TableViewCell.swift */; };
		7C9AA6D01E0CDD16003EB80B /* helper.swift in Sources */ = {isa = PBXBuildFile; fileRef = 7C9AA6CF1E0CDD16003EB80B /* helper.swift */; };
		7CBF52231E068E4400EC95A2 /* AppDelegate.swift in Sources */ = {isa = PBXBuildFile; fileRef = 7CBF52221E068E4400EC95A2 /* AppDelegate.swift */; };
		7CBF52251E068E4400EC95A2 /* ViewController.swift in Sources */ = {isa = PBXBuildFile; fileRef = 7CBF52241E068E4400EC95A2 /* ViewController.swift */; };
		7CBF52281E068E4400EC95A2 /* Main.storyboard in Resources */ = {isa = PBXBuildFile; fileRef = 7CBF52261E068E4400EC95A2 /* Main.storyboard */; };
		7CBF522A1E068E4400EC95A2 /* Assets.xcassets in Resources */ = {isa = PBXBuildFile; fileRef = 7CBF52291E068E4400EC95A2 /* Assets.xcassets */; };
		7CBF522D1E068E4400EC95A2 /* LaunchScreen.storyboard in Resources */ = {isa = PBXBuildFile; fileRef = 7CBF522B1E068E4400EC95A2 /* LaunchScreen.storyboard */; };
		7CBF52381E068E4400EC95A2 /* CollectionTableViewDemoTests.swift in Sources */ = {isa = PBXBuildFile; fileRef = 7CBF52371E068E4400EC95A2 /* CollectionTableViewDemoTests.swift */; };
		7CBF52431E068E4400EC95A2 /* CollectionTableViewDemoUITests.swift in Sources */ = {isa = PBXBuildFile; fileRef = 7CBF52421E068E4400EC95A2 /* CollectionTableViewDemoUITests.swift */; };
/* End PBXBuildFile section */

/* Begin PBXContainerItemProxy section */
		7CBF52341E068E4400EC95A2 /* PBXContainerItemProxy */ = {
			isa = PBXContainerItemProxy;
			containerPortal = 7CBF52171E068E4400EC95A2 /* Project object */;
			proxyType = 1;
			remoteGlobalIDString = 7CBF521E1E068E4400EC95A2;
			remoteInfo = CollectionTableViewDemo;
		};
		7CBF523F1E068E4400EC95A2 /* PBXContainerItemProxy */ = {
			isa = PBXContainerItemProxy;
			containerPortal = 7CBF52171E068E4400EC95A2 /* Project object */;
			proxyType = 1;
			remoteGlobalIDString = 7CBF521E1E068E4400EC95A2;
			remoteInfo = CollectionTableViewDemo;
		};
/* End PBXContainerItemProxy section */

/* Begin PBXFileReference section */
		7C9AA6CD1E0CD940003EB80B /* TableViewCell.swift */ = {isa = PBXFileReference; fileEncoding = 4; lastKnownFileType = sourcecode.swift; path = TableViewCell.swift; sourceTree = "<group>"; };
		7C9AA6CF1E0CDD16003EB80B /* helper.swift */ = {isa = PBXFileReference; fileEncoding = 4; lastKnownFileType = sourcecode.swift; path = helper.swift; sourceTree = "<group>"; };
		7CBF521F1E068E4400EC95A2 /* CollectionTableViewDemo.app */ = {isa = PBXFileReference; explicitFileType = wrapper.application; includeInIndex = 0; path = CollectionTableViewDemo.app; sourceTree = BUILT_PRODUCTS_DIR; };
		7CBF52221E068E4400EC95A2 /* AppDelegate.swift */ = {isa = PBXFileReference; lastKnownFileType = sourcecode.swift; path = AppDelegate.swift; sourceTree = "<group>"; };
		7CBF52241E068E4400EC95A2 /* ViewController.swift */ = {isa = PBXFileReference; lastKnownFileType = sourcecode.swift; path = ViewController.swift; sourceTree = "<group>"; };
		7CBF52271E068E4400EC95A2 /* Base */ = {isa = PBXFileReference; lastKnownFileType = file.storyboard; name = Base; path = Base.lproj/Main.storyboard; sourceTree = "<group>"; };
		7CBF52291E068E4400EC95A2 /* Assets.xcassets */ = {isa = PBXFileReference; lastKnownFileType = folder.assetcatalog; path = Assets.xcassets; sourceTree = "<group>"; };
		7CBF522C1E068E4400EC95A2 /* Base */ = {isa = PBXFileReference; lastKnownFileType = file.storyboard; name = Base; path = Base.lproj/LaunchScreen.storyboard; sourceTree = "<group>"; };
		7CBF522E1E068E4400EC95A2 /* Info.plist */ = {isa = PBXFileReference; lastKnownFileType = text.plist.xml; path = Info.plist; sourceTree = "<group>"; };
		7CBF52331E068E4400EC95A2 /* CollectionTableViewDemoTests.xctest */ = {isa = PBXFileReference; explicitFileType = wrapper.cfbundle; includeInIndex = 0; path = CollectionTableViewDemoTests.xctest; sourceTree = BUILT_PRODUCTS_DIR; };
		7CBF52371E068E4400EC95A2 /* CollectionTableViewDemoTests.swift */ = {isa = PBXFileReference; lastKnownFileType = sourcecode.swift; path = CollectionTableViewDemoTests.swift; sourceTree = "<group>"; };
		7CBF52391E068E4400EC95A2 /* Info.plist */ = {isa = PBXFileReference; lastKnownFileType = text.plist.xml; path = Info.plist; sourceTree = "<group>"; };
		7CBF523E1E068E4400EC95A2 /* CollectionTableViewDemoUITests.xctest */ = {isa = PBXFileReference; explicitFileType = wrapper.cfbundle; includeInIndex = 0; path = CollectionTableViewDemoUITests.xctest; sourceTree = BUILT_PRODUCTS_DIR; };
		7CBF52421E068E4400EC95A2 /* CollectionTableViewDemoUITests.swift */ = {isa = PBXFileReference; lastKnownFileType = sourcecode.swift; path = CollectionTableViewDemoUITests.swift; sourceTree = "<group>"; };
		7CBF52441E068E4400EC95A2 /* Info.plist */ = {isa = PBXFileReference; lastKnownFileType = text.plist.xml; path = Info.plist; sourceTree = "<group>"; };
/* End PBXFileReference section */

/* Begin PBXFrameworksBuildPhase section */
		7CBF521C1E068E4400EC95A2 /* Frameworks */ = {
			isa = PBXFrameworksBuildPhase;
			buildActionMask = 2147483647;
			files = (
			);
			runOnlyForDeploymentPostprocessing = 0;
		};
		7CBF52301E068E4400EC95A2 /* Frameworks */ = {
			isa = PBXFrameworksBuildPhase;
			buildActionMask = 2147483647;
			files = (
			);
			runOnlyForDeploymentPostprocessing = 0;
		};
		7CBF523B1E068E4400EC95A2 /* Frameworks */ = {
			isa = PBXFrameworksBuildPhase;
			buildActionMask = 2147483647;
			files = (
			);
			runOnlyForDeploymentPostprocessing = 0;
		};
/* End PBXFrameworksBuildPhase section */

/* Begin PBXGroup section */
		7CBF52161E068E4400EC95A2 = {
			isa = PBXGroup;
			children = (
				7CBF52211E068E4400EC95A2 /* CollectionTableViewDemo */,
				7CBF52361E068E4400EC95A2 /* CollectionTableViewDemoTests */,
				7CBF52411E068E4400EC95A2 /* CollectionTableViewDemoUITests */,
				7CBF52201E068E4400EC95A2 /* Products */,
			);
			sourceTree = "<group>";
		};
		7CBF52201E068E4400EC95A2 /* Products */ = {
			isa = PBXGroup;
			children = (
				7CBF521F1E068E4400EC95A2 /* CollectionTableViewDemo.app */,
				7CBF52331E068E4400EC95A2 /* CollectionTableViewDemoTests.xctest */,
				7CBF523E1E068E4400EC95A2 /* CollectionTableViewDemoUITests.xctest */,
			);
			name = Products;
			sourceTree = "<group>";
		};
		7CBF52211E068E4400EC95A2 /* CollectionTableViewDemo */ = {
			isa = PBXGroup;
			children = (
				7CBF52221E068E4400EC95A2 /* AppDelegate.swift */,
				7CBF52241E068E4400EC95A2 /* ViewController.swift */,
				7C9AA6CD1E0CD940003EB80B /* TableViewCell.swift */,
				7CBF52261E068E4400EC95A2 /* Main.storyboard */,
				7CBF52291E068E4400EC95A2 /* Assets.xcassets */,
				7CBF522B1E068E4400EC95A2 /* LaunchScreen.storyboard */,
				7CBF522E1E068E4400EC95A2 /* Info.plist */,
				7C9AA6CF1E0CDD16003EB80B /* helper.swift */,
			);
			path = CollectionTableViewDemo;
			sourceTree = "<group>";
		};
		7CBF52361E068E4400EC95A2 /* CollectionTableViewDemoTests */ = {
			isa = PBXGroup;
			children = (
				7CBF52371E068E4400EC95A2 /* CollectionTableViewDemoTests.swift */,
				7CBF52391E068E4400EC95A2 /* Info.plist */,
			);
			path = CollectionTableViewDemoTests;
			sourceTree = "<group>";
		};
		7CBF52411E068E4400EC95A2 /* CollectionTableViewDemoUITests */ = {
			isa = PBXGroup;
			children = (
				7CBF52421E068E4400EC95A2 /* CollectionTableViewDemoUITests.swift */,
				7CBF52441E068E4400EC95A2 /* Info.plist */,
			);
			path = CollectionTableViewDemoUITests;
			sourceTree = "<group>";
		};
/* End PBXGroup section */

/* Begin PBXNativeTarget section */
		7CBF521E1E068E4400EC95A2 /* CollectionTableViewDemo */ = {
			isa = PBXNativeTarget;
			buildConfigurationList = 7CBF52471E068E4400EC95A2 /* Build configuration list for PBXNativeTarget "CollectionTableViewDemo" */;
			buildPhases = (
				7CBF521B1E068E4400EC95A2 /* Sources */,
				7CBF521C1E068E4400EC95A2 /* Frameworks */,
				7CBF521D1E068E4400EC95A2 /* Resources */,
			);
			buildRules = (
			);
			dependencies = (
			);
			name = CollectionTableViewDemo;
			productName = CollectionTableViewDemo;
			productReference = 7CBF521F1E068E4400EC95A2 /* CollectionTableViewDemo.app */;
			productType = "com.apple.product-type.application";
		};
		7CBF52321E068E4400EC95A2 /* CollectionTableViewDemoTests */ = {
			isa = PBXNativeTarget;
			buildConfigurationList = 7CBF524A1E068E4400EC95A2 /* Build configuration list for PBXNativeTarget "CollectionTableViewDemoTests" */;
			buildPhases = (
				7CBF522F1E068E4400EC95A2 /* Sources */,
				7CBF52301E068E4400EC95A2 /* Frameworks */,
				7CBF52311E068E4400EC95A2 /* Resources */,
			);
			buildRules = (
			);
			dependencies = (
				7CBF52351E068E4400EC95A2 /* PBXTargetDependency */,
			);
			name = CollectionTableViewDemoTests;
			productName = CollectionTableViewDemoTests;
			productReference = 7CBF52331E068E4400EC95A2 /* CollectionTableViewDemoTests.xctest */;
			productType = "com.apple.product-type.bundle.unit-test";
		};
		7CBF523D1E068E4400EC95A2 /* CollectionTableViewDemoUITests */ = {
			isa = PBXNativeTarget;
			buildConfigurationList = 7CBF524D1E068E4400EC95A2 /* Build configuration list for PBXNativeTarget "CollectionTableViewDemoUITests" */;
			buildPhases = (
				7CBF523A1E068E4400EC95A2 /* Sources */,
				7CBF523B1E068E4400EC95A2 /* Frameworks */,
				7CBF523C1E068E4400EC95A2 /* Resources */,
			);
			buildRules = (
			);
			dependencies = (
				7CBF52401E068E4400EC95A2 /* PBXTargetDependency */,
			);
			name = CollectionTableViewDemoUITests;
			productName = CollectionTableViewDemoUITests;
			productReference = 7CBF523E1E068E4400EC95A2 /* CollectionTableViewDemoUITests.xctest */;
			productType = "com.apple.product-type.bundle.ui-testing";
		};
/* End PBXNativeTarget section */

/* Begin PBXProject section */
		7CBF52171E068E4400EC95A2 /* Project object */ = {
			isa = PBXProject;
			attributes = {
				LastSwiftUpdateCheck = 0820;
				LastUpgradeCheck = 0820;
				ORGANIZATIONNAME = temp;
				TargetAttributes = {
					7CBF521E1E068E4400EC95A2 = {
						CreatedOnToolsVersion = 8.2;
						ProvisioningStyle = Automatic;
					};
					7CBF52321E068E4400EC95A2 = {
						CreatedOnToolsVersion = 8.2;
						ProvisioningStyle = Automatic;
						TestTargetID = 7CBF521E1E068E4400EC95A2;
					};
					7CBF523D1E068E4400EC95A2 = {
						CreatedOnToolsVersion = 8.2;
						ProvisioningStyle = Automatic;
						TestTargetID = 7CBF521E1E068E4400EC95A2;
					};
				};
			};
			buildConfigurationList = 7CBF521A1E068E4400EC95A2 /* Build configuration list for PBXProject "CollectionTableViewDemo" */;
			compatibilityVersion = "Xcode 3.2";
			developmentRegion = English;
			hasScannedForEncodings = 0;
			knownRegions = (
				en,
				Base,
			);
			mainGroup = 7CBF52161E068E4400EC95A2;
			productRefGroup = 7CBF52201E068E4400EC95A2 /* Products */;
			projectDirPath = "";
			projectRoot = "";
			targets = (
				7CBF521E1E068E4400EC95A2 /* CollectionTableViewDemo */,
				7CBF52321E068E4400EC95A2 /* CollectionTableViewDemoTests */,
				7CBF523D1E068E4400EC95A2 /* CollectionTableViewDemoUITests */,
			);
		};
/* End PBXProject section */

/* Begin PBXResourcesBuildPhase section */
		7CBF521D1E068E4400EC95A2 /* Resources */ = {
			isa = PBXResourcesBuildPhase;
			buildActionMask = 2147483647;
			files = (
				7CBF522D1E068E4400EC95A2 /* LaunchScreen.storyboard in Resources */,
				7CBF522A1E068E4400EC95A2 /* Assets.xcassets in Resources */,
				7CBF52281E068E4400EC95A2 /* Main.storyboard in Resources */,
			);
			runOnlyForDeploymentPostprocessing = 0;
		};
		7CBF52311E068E4400EC95A2 /* Resources */ = {
			isa = PBXResourcesBuildPhase;
			buildActionMask = 2147483647;
			files = (
			);
			runOnlyForDeploymentPostprocessing = 0;
		};
		7CBF523C1E068E4400EC95A2 /* Resources */ = {
			isa = PBXResourcesBuildPhase;
			buildActionMask = 2147483647;
			files = (
			);
			runOnlyForDeploymentPostprocessing = 0;
		};
/* End PBXResourcesBuildPhase section */

/* Begin PBXSourcesBuildPhase section */
		7CBF521B1E068E4400EC95A2 /* Sources */ = {
			isa = PBXSourcesBuildPhase;
			buildActionMask = 2147483647;
			files = (
				7C9AA6CE1E0CD940003EB80B /* TableViewCell.swift in Sources */,
				7CBF52251E068E4400EC95A2 /* ViewController.swift in Sources */,
				7CBF52231E068E4400EC95A2 /* AppDelegate.swift in Sources */,
				7C9AA6D01E0CDD16003EB80B /* helper.swift in Sources */,
			);
			runOnlyForDeploymentPostprocessing = 0;
		};
		7CBF522F1E068E4400EC95A2 /* Sources */ = {
			isa = PBXSourcesBuildPhase;
			buildActionMask = 2147483647;
			files = (
				7CBF52381E068E4400EC95A2 /* CollectionTableViewDemoTests.swift in Sources */,
			);
			runOnlyForDeploymentPostprocessing = 0;
		};
		7CBF523A1E068E4400EC95A2 /* Sources */ = {
			isa = PBXSourcesBuildPhase;
			buildActionMask = 2147483647;
			files = (
				7CBF52431E068E4400EC95A2 /* CollectionTableViewDemoUITests.swift in Sources */,
			);
			runOnlyForDeploymentPostprocessing = 0;
		};
/* End PBXSourcesBuildPhase section */

/* Begin PBXTargetDependency section */
		7CBF52351E068E4400EC95A2 /* PBXTargetDependency */ = {
			isa = PBXTargetDependency;
			target = 7CBF521E1E068E4400EC95A2 /* CollectionTableViewDemo */;
			targetProxy = 7CBF52341E068E4400EC95A2 /* PBXContainerItemProxy */;
		};
		7CBF52401E068E4400EC95A2 /* PBXTargetDependency */ = {
			isa = PBXTargetDependency;
			target = 7CBF521E1E068E4400EC95A2 /* CollectionTableViewDemo */;
			targetProxy = 7CBF523F1E068E4400EC95A2 /* PBXContainerItemProxy */;
		};
/* End PBXTargetDependency section */

/* Begin PBXVariantGroup section */
		7CBF52261E068E4400EC95A2 /* Main.storyboard */ = {
			isa = PBXVariantGroup;
			children = (
				7CBF52271E068E4400EC95A2 /* Base */,
			);
			name = Main.storyboard;
			sourceTree = "<group>";
		};
		7CBF522B1E068E4400EC95A2 /* LaunchScreen.storyboard */ = {
			isa = PBXVariantGroup;
			children = (
				7CBF522C1E068E4400EC95A2 /* Base */,
			);
			name = LaunchScreen.storyboard;
			sourceTree = "<group>";
		};
/* End PBXVariantGroup section */

/* Begin XCBuildConfiguration section */
		7CBF52451E068E4400EC95A2 /* Debug */ = {
			isa = XCBuildConfiguration;
			buildSettings = {
				ALWAYS_SEARCH_USER_PATHS = NO;
				CLANG_ANALYZER_NONNULL = YES;
				CLANG_CXX_LANGUAGE_STANDARD = "gnu++0x";
				CLANG_CXX_LIBRARY = "libc++";
				CLANG_ENABLE_MODULES = YES;
				CLANG_ENABLE_OBJC_ARC = YES;
				CLANG_WARN_BOOL_CONVERSION = YES;
				CLANG_WARN_CONSTANT_CONVERSION = YES;
				CLANG_WARN_DIRECT_OBJC_ISA_USAGE = YES_ERROR;
				CLANG_WARN_DOCUMENTATION_COMMENTS = YES;
				CLANG_WARN_EMPTY_BODY = YES;
				CLANG_WARN_ENUM_CONVERSION = YES;
				CLANG_WARN_INFINITE_RECURSION = YES;
				CLANG_WARN_INT_CONVERSION = YES;
				CLANG_WARN_OBJC_ROOT_CLASS = YES_ERROR;
				CLANG_WARN_SUSPICIOUS_MOVE = YES;
				CLANG_WARN_UNREACHABLE_CODE = YES;
				CLANG_WARN__DUPLICATE_METHOD_MATCH = YES;
				"CODE_SIGN_IDENTITY[sdk=iphoneos*]" = "iPhone Developer";
				COPY_PHASE_STRIP = NO;
				DEBUG_INFORMATION_FORMAT = dwarf;
				ENABLE_STRICT_OBJC_MSGSEND = YES;
				ENABLE_TESTABILITY = YES;
				GCC_C_LANGUAGE_STANDARD = gnu99;
				GCC_DYNAMIC_NO_PIC = NO;
				GCC_NO_COMMON_BLOCKS = YES;
				GCC_OPTIMIZATION_LEVEL = 0;
				GCC_PREPROCESSOR_DEFINITIONS = (
					"DEBUG=1",
					"$(inherited)",
				);
				GCC_WARN_64_TO_32_BIT_CONVERSION = YES;
				GCC_WARN_ABOUT_RETURN_TYPE = YES_ERROR;
				GCC_WARN_UNDECLARED_SELECTOR = YES;
				GCC_WARN_UNINITIALIZED_AUTOS = YES_AGGRESSIVE;
				GCC_WARN_UNUSED_FUNCTION = YES;
				GCC_WARN_UNUSED_VARIABLE = YES;
				IPHONEOS_DEPLOYMENT_TARGET = 10.2;
				MTL_ENABLE_DEBUG_INFO = YES;
				ONLY_ACTIVE_ARCH = YES;
				SDKROOT = iphoneos;
				SWIFT_ACTIVE_COMPILATION_CONDITIONS = DEBUG;
				SWIFT_OPTIMIZATION_LEVEL = "-Onone";
			};
			name = Debug;
		};
		7CBF52461E068E4400EC95A2 /* Release */ = {
			isa = XCBuildConfiguration;
			buildSettings = {
				ALWAYS_SEARCH_USER_PATHS = NO;
				CLANG_ANALYZER_NONNULL = YES;
				CLANG_CXX_LANGUAGE_STANDARD = "gnu++0x";
				CLANG_CXX_LIBRARY = "libc++";
				CLANG_ENABLE_MODULES = YES;
				CLANG_ENABLE_OBJC_ARC = YES;
				CLANG_WARN_BOOL_CONVERSION = YES;
				CLANG_WARN_CONSTANT_CONVERSION = YES;
				CLANG_WARN_DIRECT_OBJC_ISA_USAGE = YES_ERROR;
				CLANG_WARN_DOCUMENTATION_COMMENTS = YES;
				CLANG_WARN_EMPTY_BODY = YES;
				CLANG_WARN_ENUM_CONVERSION = YES;
				CLANG_WARN_INFINITE_RECURSION = YES;
				CLANG_WARN_INT_CONVERSION = YES;
				CLANG_WARN_OBJC_ROOT_CLASS = YES_ERROR;
				CLANG_WARN_SUSPICIOUS_MOVE = YES;
				CLANG_WARN_UNREACHABLE_CODE = YES;
				CLANG_WARN__DUPLICATE_METHOD_MATCH = YES;
				"CODE_SIGN_IDENTITY[sdk=iphoneos*]" = "iPhone Developer";
				COPY_PHASE_STRIP = NO;
				DEBUG_INFORMATION_FORMAT = "dwarf-with-dsym";
				ENABLE_NS_ASSERTIONS = NO;
				ENABLE_STRICT_OBJC_MSGSEND = YES;
				GCC_C_LANGUAGE_STANDARD = gnu99;
				GCC_NO_COMMON_BLOCKS = YES;
				GCC_WARN_64_TO_32_BIT_CONVERSION = YES;
				GCC_WARN_ABOUT_RETURN_TYPE = YES_ERROR;
				GCC_WARN_UNDECLARED_SELECTOR = YES;
				GCC_WARN_UNINITIALIZED_AUTOS = YES_AGGRESSIVE;
				GCC_WARN_UNUSED_FUNCTION = YES;
				GCC_WARN_UNUSED_VARIABLE = YES;
				IPHONEOS_DEPLOYMENT_TARGET = 10.2;
				MTL_ENABLE_DEBUG_INFO = NO;
				SDKROOT = iphoneos;
				SWIFT_OPTIMIZATION_LEVEL = "-Owholemodule";
				VALIDATE_PRODUCT = YES;
			};
			name = Release;
		};
		7CBF52481E068E4400EC95A2 /* Debug */ = {
			isa = XCBuildConfiguration;
			buildSettings = {
				ASSETCATALOG_COMPILER_APPICON_NAME = AppIcon;
				INFOPLIST_FILE = CollectionTableViewDemo/Info.plist;
				IPHONEOS_DEPLOYMENT_TARGET = 10.0;
				LD_RUNPATH_SEARCH_PATHS = "$(inherited) @executable_path/Frameworks";
				PRODUCT_BUNDLE_IDENTIFIER = temp.CollectionTableViewDemo;
				PRODUCT_NAME = "$(TARGET_NAME)";
				SWIFT_VERSION = 3.0;
			};
			name = Debug;
		};
		7CBF52491E068E4400EC95A2 /* Release */ = {
			isa = XCBuildConfiguration;
			buildSettings = {
				ASSETCATALOG_COMPILER_APPICON_NAME = AppIcon;
				INFOPLIST_FILE = CollectionTableViewDemo/Info.plist;
				IPHONEOS_DEPLOYMENT_TARGET = 10.0;
				LD_RUNPATH_SEARCH_PATHS = "$(inherited) @executable_path/Frameworks";
				PRODUCT_BUNDLE_IDENTIFIER = temp.CollectionTableViewDemo;
				PRODUCT_NAME = "$(TARGET_NAME)";
				SWIFT_VERSION = 3.0;
			};
			name = Release;
		};
		7CBF524B1E068E4400EC95A2 /* Debug */ = {
			isa = XCBuildConfiguration;
			buildSettings = {
				ALWAYS_EMBED_SWIFT_STANDARD_LIBRARIES = YES;
				BUNDLE_LOADER = "$(TEST_HOST)";
				INFOPLIST_FILE = CollectionTableViewDemoTests/Info.plist;
				IPHONEOS_DEPLOYMENT_TARGET = 10.0;
				LD_RUNPATH_SEARCH_PATHS = "$(inherited) @executable_path/Frameworks @loader_path/Frameworks";
				PRODUCT_BUNDLE_IDENTIFIER = temp.CollectionTableViewDemoTests;
				PRODUCT_NAME = "$(TARGET_NAME)";
				SWIFT_VERSION = 3.0;
				TEST_HOST = "$(BUILT_PRODUCTS_DIR)/CollectionTableViewDemo.app/CollectionTableViewDemo";
			};
			name = Debug;
		};
		7CBF524C1E068E4400EC95A2 /* Release */ = {
			isa = XCBuildConfiguration;
			buildSettings = {
				ALWAYS_EMBED_SWIFT_STANDARD_LIBRARIES = YES;
				BUNDLE_LOADER = "$(TEST_HOST)";
				INFOPLIST_FILE = CollectionTableViewDemoTests/Info.plist;
				IPHONEOS_DEPLOYMENT_TARGET = 10.0;
				LD_RUNPATH_SEARCH_PATHS = "$(inherited) @executable_path/Frameworks @loader_path/Frameworks";
				PRODUCT_BUNDLE_IDENTIFIER = temp.CollectionTableViewDemoTests;
				PRODUCT_NAME = "$(TARGET_NAME)";
				SWIFT_VERSION = 3.0;
				TEST_HOST = "$(BUILT_PRODUCTS_DIR)/CollectionTableViewDemo.app/CollectionTableViewDemo";
			};
			name = Release;
		};
		7CBF524E1E068E4400EC95A2 /* Debug */ = {
			isa = XCBuildConfiguration;
			buildSettings = {
				ALWAYS_EMBED_SWIFT_STANDARD_LIBRARIES = YES;
				INFOPLIST_FILE = CollectionTableViewDemoUITests/Info.plist;
				IPHONEOS_DEPLOYMENT_TARGET = 10.0;
				LD_RUNPATH_SEARCH_PATHS = "$(inherited) @executable_path/Frameworks @loader_path/Frameworks";
				PRODUCT_BUNDLE_IDENTIFIER = temp.CollectionTableViewDemoUITests;
				PRODUCT_NAME = "$(TARGET_NAME)";
				SWIFT_VERSION = 3.0;
				TEST_TARGET_NAME = CollectionTableViewDemo;
			};
			name = Debug;
		};
		7CBF524F1E068E4400EC95A2 /* Release */ = {
			isa = XCBuildConfiguration;
			buildSettings = {
				ALWAYS_EMBED_SWIFT_STANDARD_LIBRARIES = YES;
				INFOPLIST_FILE = CollectionTableViewDemoUITests/Info.plist;
				IPHONEOS_DEPLOYMENT_TARGET = 10.0;
				LD_RUNPATH_SEARCH_PATHS = "$(inherited) @executable_path/Frameworks @loader_path/Frameworks";
				PRODUCT_BUNDLE_IDENTIFIER = temp.CollectionTableViewDemoUITests;
				PRODUCT_NAME = "$(TARGET_NAME)";
				SWIFT_VERSION = 3.0;
				TEST_TARGET_NAME = CollectionTableViewDemo;
			};
			name = Release;
		};
/* End XCBuildConfiguration section */

/* Begin XCConfigurationList section */
		7CBF521A1E068E4400EC95A2 /* Build configuration list for PBXProject "CollectionTableViewDemo" */ = {
			isa = XCConfigurationList;
			buildConfigurations = (
				7CBF52451E068E4400EC95A2 /* Debug */,
				7CBF52461E068E4400EC95A2 /* Release */,
			);
			defaultConfigurationIsVisible = 0;
			defaultConfigurationName = Release;
		};
		7CBF52471E068E4400EC95A2 /* Build configuration list for PBXNativeTarget "CollectionTableViewDemo" */ = {
			isa = XCConfigurationList;
			buildConfigurations = (
				7CBF52481E068E4400EC95A2 /* Debug */,
				7CBF52491E068E4400EC95A2 /* Release */,
			);
			defaultConfigurationIsVisible = 0;
			defaultConfigurationName = Release;
		};
		7CBF524A1E068E4400EC95A2 /* Build configuration list for PBXNativeTarget "CollectionTableViewDemoTests" */ = {
			isa = XCConfigurationList;
			buildConfigurations = (
				7CBF524B1E068E4400EC95A2 /* Debug */,
				7CBF524C1E068E4400EC95A2 /* Release */,
			);
			defaultConfigurationIsVisible = 0;
			defaultConfigurationName = Release;
		};
		7CBF524D1E068E4400EC95A2 /* Build configuration list for PBXNativeTarget "CollectionTableViewDemoUITests" */ = {
			isa = XCConfigurationList;
			buildConfigurations = (
				7CBF524E1E068E4400EC95A2 /* Debug */,
				7CBF524F1E068E4400EC95A2 /* Release */,
			);
			defaultConfigurationIsVisible = 0;
			defaultConfigurationName = Release;
		};
/* End XCConfigurationList section */
	};
	rootObject = 7CBF52171E068E4400EC95A2 /* Project object */;
}
