// !$*UTF8*$!
{
	archiveVersion = 1;
	classes = {
	};
	objectVersion = 46;
	objects = {

/* Begin PBXBuildFile section */
		7CC64EC81DC094D300837559 /* AppDelegate.swift in Sources */ = {isa = PBXBuildFile; fileRef = 7CC64EC71DC094D300837559 /* AppDelegate.swift */; };
		7CC64ECA1DC094D300837559 /* DetailViewController.swift in Sources */ = {isa = PBXBuildFile; fileRef = 7CC64EC91DC094D300837559 /* DetailViewController.swift */; };
		7CC64ECD1DC094D300837559 /* Main.storyboard in Resources */ = {isa = PBXBuildFile; fileRef = 7CC64ECB1DC094D300837559 /* Main.storyboard */; };
		7CC64ECF1DC094D300837559 /* Assets.xcassets in Resources */ = {isa = PBXBuildFile; fileRef = 7CC64ECE1DC094D300837559 /* Assets.xcassets */; };
		7CC64ED21DC094D300837559 /* LaunchScreen.storyboard in Resources */ = {isa = PBXBuildFile; fileRef = 7CC64ED01DC094D300837559 /* LaunchScreen.storyboard */; };
		7CC64EDD1DC094D300837559 /* SplitViewTests.swift in Sources */ = {isa = PBXBuildFile; fileRef = 7CC64EDC1DC094D300837559 /* SplitViewTests.swift */; };
		7CC64EE81DC094D300837559 /* SplitViewUITests.swift in Sources */ = {isa = PBXBuildFile; fileRef = 7CC64EE71DC094D300837559 /* SplitViewUITests.swift */; };
		7CC64EF61DC0977500837559 /* SplitViewController.swift in Sources */ = {isa = PBXBuildFile; fileRef = 7CC64EF51DC0977500837559 /* SplitViewController.swift */; };
		7CC64EF81DC0982A00837559 /* ListTableTableViewController.swift in Sources */ = {isa = PBXBuildFile; fileRef = 7CC64EF71DC0982A00837559 /* ListTableTableViewController.swift */; };
/* End PBXBuildFile section */

/* Begin PBXContainerItemProxy section */
		7CC64ED91DC094D300837559 /* PBXContainerItemProxy */ = {
			isa = PBXContainerItemProxy;
			containerPortal = 7CC64EBC1DC094D300837559 /* Project object */;
			proxyType = 1;
			remoteGlobalIDString = 7CC64EC31DC094D300837559;
			remoteInfo = SplitView;
		};
		7CC64EE41DC094D300837559 /* PBXContainerItemProxy */ = {
			isa = PBXContainerItemProxy;
			containerPortal = 7CC64EBC1DC094D300837559 /* Project object */;
			proxyType = 1;
			remoteGlobalIDString = 7CC64EC31DC094D300837559;
			remoteInfo = SplitView;
		};
/* End PBXContainerItemProxy section */

/* Begin PBXFileReference section */
		7CC64EC41DC094D300837559 /* SplitView.app */ = {isa = PBXFileReference; explicitFileType = wrapper.application; includeInIndex = 0; path = SplitView.app; sourceTree = BUILT_PRODUCTS_DIR; };
		7CC64EC71DC094D300837559 /* AppDelegate.swift */ = {isa = PBXFileReference; lastKnownFileType = sourcecode.swift; path = AppDelegate.swift; sourceTree = "<group>"; };
		7CC64EC91DC094D300837559 /* DetailViewController.swift */ = {isa = PBXFileReference; lastKnownFileType = sourcecode.swift; path = DetailViewController.swift; sourceTree = "<group>"; };
		7CC64ECC1DC094D300837559 /* Base */ = {isa = PBXFileReference; lastKnownFileType = file.storyboard; name = Base; path = Base.lproj/Main.storyboard; sourceTree = "<group>"; };
		7CC64ECE1DC094D300837559 /* Assets.xcassets */ = {isa = PBXFileReference; lastKnownFileType = folder.assetcatalog; path = Assets.xcassets; sourceTree = "<group>"; };
		7CC64ED11DC094D300837559 /* Base */ = {isa = PBXFileReference; lastKnownFileType = file.storyboard; name = Base; path = Base.lproj/LaunchScreen.storyboard; sourceTree = "<group>"; };
		7CC64ED31DC094D300837559 /* Info.plist */ = {isa = PBXFileReference; lastKnownFileType = text.plist.xml; path = Info.plist; sourceTree = "<group>"; };
		7CC64ED81DC094D300837559 /* SplitViewTests.xctest */ = {isa = PBXFileReference; explicitFileType = wrapper.cfbundle; includeInIndex = 0; path = SplitViewTests.xctest; sourceTree = BUILT_PRODUCTS_DIR; };
		7CC64EDC1DC094D300837559 /* SplitViewTests.swift */ = {isa = PBXFileReference; lastKnownFileType = sourcecode.swift; path = SplitViewTests.swift; sourceTree = "<group>"; };
		7CC64EDE1DC094D300837559 /* Info.plist */ = {isa = PBXFileReference; lastKnownFileType = text.plist.xml; path = Info.plist; sourceTree = "<group>"; };
		7CC64EE31DC094D300837559 /* SplitViewUITests.xctest */ = {isa = PBXFileReference; explicitFileType = wrapper.cfbundle; includeInIndex = 0; path = SplitViewUITests.xctest; sourceTree = BUILT_PRODUCTS_DIR; };
		7CC64EE71DC094D300837559 /* SplitViewUITests.swift */ = {isa = PBXFileReference; lastKnownFileType = sourcecode.swift; path = SplitViewUITests.swift; sourceTree = "<group>"; };
		7CC64EE91DC094D300837559 /* Info.plist */ = {isa = PBXFileReference; lastKnownFileType = text.plist.xml; path = Info.plist; sourceTree = "<group>"; };
		7CC64EF51DC0977500837559 /* SplitViewController.swift */ = {isa = PBXFileReference; fileEncoding = 4; lastKnownFileType = sourcecode.swift; path = SplitViewController.swift; sourceTree = "<group>"; };
		7CC64EF71DC0982A00837559 /* ListTableTableViewController.swift */ = {isa = PBXFileReference; fileEncoding = 4; lastKnownFileType = sourcecode.swift; path = ListTableTableViewController.swift; sourceTree = "<group>"; };
/* End PBXFileReference section */

/* Begin PBXFrameworksBuildPhase section */
		7CC64EC11DC094D300837559 /* Frameworks */ = {
			isa = PBXFrameworksBuildPhase;
			buildActionMask = 2147483647;
			files = (
			);
			runOnlyForDeploymentPostprocessing = 0;
		};
		7CC64ED51DC094D300837559 /* Frameworks */ = {
			isa = PBXFrameworksBuildPhase;
			buildActionMask = 2147483647;
			files = (
			);
			runOnlyForDeploymentPostprocessing = 0;
		};
		7CC64EE01DC094D300837559 /* Frameworks */ = {
			isa = PBXFrameworksBuildPhase;
			buildActionMask = 2147483647;
			files = (
			);
			runOnlyForDeploymentPostprocessing = 0;
		};
/* End PBXFrameworksBuildPhase section */

/* Begin PBXGroup section */
		7CC64EBB1DC094D300837559 = {
			isa = PBXGroup;
			children = (
				7CC64EF71DC0982A00837559 /* ListTableTableViewController.swift */,
				7CC64EF51DC0977500837559 /* SplitViewController.swift */,
				7CC64EC61DC094D300837559 /* SplitView */,
				7CC64EDB1DC094D300837559 /* SplitViewTests */,
				7CC64EE61DC094D300837559 /* SplitViewUITests */,
				7CC64EC51DC094D300837559 /* Products */,
			);
			sourceTree = "<group>";
		};
		7CC64EC51DC094D300837559 /* Products */ = {
			isa = PBXGroup;
			children = (
				7CC64EC41DC094D300837559 /* SplitView.app */,
				7CC64ED81DC094D300837559 /* SplitViewTests.xctest */,
				7CC64EE31DC094D300837559 /* SplitViewUITests.xctest */,
			);
			name = Products;
			sourceTree = "<group>";
		};
		7CC64EC61DC094D300837559 /* SplitView */ = {
			isa = PBXGroup;
			children = (
				7CC64EC71DC094D300837559 /* AppDelegate.swift */,
				7CC64EC91DC094D300837559 /* DetailViewController.swift */,
				7CC64ECB1DC094D300837559 /* Main.storyboard */,
				7CC64ECE1DC094D300837559 /* Assets.xcassets */,
				7CC64ED01DC094D300837559 /* LaunchScreen.storyboard */,
				7CC64ED31DC094D300837559 /* Info.plist */,
			);
			path = SplitView;
			sourceTree = "<group>";
		};
		7CC64EDB1DC094D300837559 /* SplitViewTests */ = {
			isa = PBXGroup;
			children = (
				7CC64EDC1DC094D300837559 /* SplitViewTests.swift */,
				7CC64EDE1DC094D300837559 /* Info.plist */,
			);
			path = SplitViewTests;
			sourceTree = "<group>";
		};
		7CC64EE61DC094D300837559 /* SplitViewUITests */ = {
			isa = PBXGroup;
			children = (
				7CC64EE71DC094D300837559 /* SplitViewUITests.swift */,
				7CC64EE91DC094D300837559 /* Info.plist */,
			);
			path = SplitViewUITests;
			sourceTree = "<group>";
		};
/* End PBXGroup section */

/* Begin PBXNativeTarget section */
		7CC64EC31DC094D300837559 /* SplitView */ = {
			isa = PBXNativeTarget;
			buildConfigurationList = 7CC64EEC1DC094D300837559 /* Build configuration list for PBXNativeTarget "SplitView" */;
			buildPhases = (
				7CC64EC01DC094D300837559 /* Sources */,
				7CC64EC11DC094D300837559 /* Frameworks */,
				7CC64EC21DC094D300837559 /* Resources */,
			);
			buildRules = (
			);
			dependencies = (
			);
			name = SplitView;
			productName = SplitView;
			productReference = 7CC64EC41DC094D300837559 /* SplitView.app */;
			productType = "com.apple.product-type.application";
		};
		7CC64ED71DC094D300837559 /* SplitViewTests */ = {
			isa = PBXNativeTarget;
			buildConfigurationList = 7CC64EEF1DC094D300837559 /* Build configuration list for PBXNativeTarget "SplitViewTests" */;
			buildPhases = (
				7CC64ED41DC094D300837559 /* Sources */,
				7CC64ED51DC094D300837559 /* Frameworks */,
				7CC64ED61DC094D300837559 /* Resources */,
			);
			buildRules = (
			);
			dependencies = (
				7CC64EDA1DC094D300837559 /* PBXTargetDependency */,
			);
			name = SplitViewTests;
			productName = SplitViewTests;
			productReference = 7CC64ED81DC094D300837559 /* SplitViewTests.xctest */;
			productType = "com.apple.product-type.bundle.unit-test";
		};
		7CC64EE21DC094D300837559 /* SplitViewUITests */ = {
			isa = PBXNativeTarget;
			buildConfigurationList = 7CC64EF21DC094D300837559 /* Build configuration list for PBXNativeTarget "SplitViewUITests" */;
			buildPhases = (
				7CC64EDF1DC094D300837559 /* Sources */,
				7CC64EE01DC094D300837559 /* Frameworks */,
				7CC64EE11DC094D300837559 /* Resources */,
			);
			buildRules = (
			);
			dependencies = (
				7CC64EE51DC094D300837559 /* PBXTargetDependency */,
			);
			name = SplitViewUITests;
			productName = SplitViewUITests;
			productReference = 7CC64EE31DC094D300837559 /* SplitViewUITests.xctest */;
			productType = "com.apple.product-type.bundle.ui-testing";
		};
/* End PBXNativeTarget section */

/* Begin PBXProject section */
		7CC64EBC1DC094D300837559 /* Project object */ = {
			isa = PBXProject;
			attributes = {
				LastSwiftUpdateCheck = 0800;
				LastUpgradeCheck = 0800;
				ORGANIZATIONNAME = "Sharad Paghadal";
				TargetAttributes = {
					7CC64EC31DC094D300837559 = {
						CreatedOnToolsVersion = 8.0;
						ProvisioningStyle = Automatic;
					};
					7CC64ED71DC094D300837559 = {
						CreatedOnToolsVersion = 8.0;
						ProvisioningStyle = Automatic;
						TestTargetID = 7CC64EC31DC094D300837559;
					};
					7CC64EE21DC094D300837559 = {
						CreatedOnToolsVersion = 8.0;
						ProvisioningStyle = Automatic;
						TestTargetID = 7CC64EC31DC094D300837559;
					};
				};
			};
			buildConfigurationList = 7CC64EBF1DC094D300837559 /* Build configuration list for PBXProject "SplitView" */;
			compatibilityVersion = "Xcode 3.2";
			developmentRegion = English;
			hasScannedForEncodings = 0;
			knownRegions = (
				en,
				Base,
			);
			mainGroup = 7CC64EBB1DC094D300837559;
			productRefGroup = 7CC64EC51DC094D300837559 /* Products */;
			projectDirPath = "";
			projectRoot = "";
			targets = (
				7CC64EC31DC094D300837559 /* SplitView */,
				7CC64ED71DC094D300837559 /* SplitViewTests */,
				7CC64EE21DC094D300837559 /* SplitViewUITests */,
			);
		};
/* End PBXProject section */

/* Begin PBXResourcesBuildPhase section */
		7CC64EC21DC094D300837559 /* Resources */ = {
			isa = PBXResourcesBuildPhase;
			buildActionMask = 2147483647;
			files = (
				7CC64ED21DC094D300837559 /* LaunchScreen.storyboard in Resources */,
				7CC64ECF1DC094D300837559 /* Assets.xcassets in Resources */,
				7CC64ECD1DC094D300837559 /* Main.storyboard in Resources */,
			);
			runOnlyForDeploymentPostprocessing = 0;
		};
		7CC64ED61DC094D300837559 /* Resources */ = {
			isa = PBXResourcesBuildPhase;
			buildActionMask = 2147483647;
			files = (
			);
			runOnlyForDeploymentPostprocessing = 0;
		};
		7CC64EE11DC094D300837559 /* Resources */ = {
			isa = PBXResourcesBuildPhase;
			buildActionMask = 2147483647;
			files = (
			);
			runOnlyForDeploymentPostprocessing = 0;
		};
/* End PBXResourcesBuildPhase section */

/* Begin PBXSourcesBuildPhase section */
		7CC64EC01DC094D300837559 /* Sources */ = {
			isa = PBXSourcesBuildPhase;
			buildActionMask = 2147483647;
			files = (
				7CC64EF81DC0982A00837559 /* ListTableTableViewController.swift in Sources */,
				7CC64ECA1DC094D300837559 /* DetailViewController.swift in Sources */,
				7CC64EC81DC094D300837559 /* AppDelegate.swift in Sources */,
				7CC64EF61DC0977500837559 /* SplitViewController.swift in Sources */,
			);
			runOnlyForDeploymentPostprocessing = 0;
		};
		7CC64ED41DC094D300837559 /* Sources */ = {
			isa = PBXSourcesBuildPhase;
			buildActionMask = 2147483647;
			files = (
				7CC64EDD1DC094D300837559 /* SplitViewTests.swift in Sources */,
			);
			runOnlyForDeploymentPostprocessing = 0;
		};
		7CC64EDF1DC094D300837559 /* Sources */ = {
			isa = PBXSourcesBuildPhase;
			buildActionMask = 2147483647;
			files = (
				7CC64EE81DC094D300837559 /* SplitViewUITests.swift in Sources */,
			);
			runOnlyForDeploymentPostprocessing = 0;
		};
/* End PBXSourcesBuildPhase section */

/* Begin PBXTargetDependency section */
		7CC64EDA1DC094D300837559 /* PBXTargetDependency */ = {
			isa = PBXTargetDependency;
			target = 7CC64EC31DC094D300837559 /* SplitView */;
			targetProxy = 7CC64ED91DC094D300837559 /* PBXContainerItemProxy */;
		};
		7CC64EE51DC094D300837559 /* PBXTargetDependency */ = {
			isa = PBXTargetDependency;
			target = 7CC64EC31DC094D300837559 /* SplitView */;
			targetProxy = 7CC64EE41DC094D300837559 /* PBXContainerItemProxy */;
		};
/* End PBXTargetDependency section */

/* Begin PBXVariantGroup section */
		7CC64ECB1DC094D300837559 /* Main.storyboard */ = {
			isa = PBXVariantGroup;
			children = (
				7CC64ECC1DC094D300837559 /* Base */,
			);
			name = Main.storyboard;
			sourceTree = "<group>";
		};
		7CC64ED01DC094D300837559 /* LaunchScreen.storyboard */ = {
			isa = PBXVariantGroup;
			children = (
				7CC64ED11DC094D300837559 /* Base */,
			);
			name = LaunchScreen.storyboard;
			sourceTree = "<group>";
		};
/* End PBXVariantGroup section */

/* Begin XCBuildConfiguration section */
		7CC64EEA1DC094D300837559 /* Debug */ = {
			isa = XCBuildConfiguration;
			buildSettings = {
				ALWAYS_SEARCH_USER_PATHS = NO;
				CLANG_ANALYZER_NONNULL = YES;
				CLANG_CXX_LANGUAGE_STANDARD = "gnu++0x";
				CLANG_CXX_LIBRARY = "libc++";
				CLANG_ENABLE_MODULES = YES;
				CLANG_ENABLE_OBJC_ARC = YES;
				CLANG_WARN_BOOL_CONVERSION = YES;
				CLANG_WARN_CONSTANT_CONVERSION = YES;
				CLANG_WARN_DIRECT_OBJC_ISA_USAGE = YES_ERROR;
				CLANG_WARN_DOCUMENTATION_COMMENTS = YES;
				CLANG_WARN_EMPTY_BODY = YES;
				CLANG_WARN_ENUM_CONVERSION = YES;
				CLANG_WARN_INFINITE_RECURSION = YES;
				CLANG_WARN_INT_CONVERSION = YES;
				CLANG_WARN_OBJC_ROOT_CLASS = YES_ERROR;
				CLANG_WARN_SUSPICIOUS_MOVES = YES;
				CLANG_WARN_UNREACHABLE_CODE = YES;
				CLANG_WARN__DUPLICATE_METHOD_MATCH = YES;
				"CODE_SIGN_IDENTITY[sdk=iphoneos*]" = "iPhone Developer";
				COPY_PHASE_STRIP = NO;
				DEBUG_INFORMATION_FORMAT = dwarf;
				ENABLE_STRICT_OBJC_MSGSEND = YES;
				ENABLE_TESTABILITY = YES;
				GCC_C_LANGUAGE_STANDARD = gnu99;
				GCC_DYNAMIC_NO_PIC = NO;
				GCC_NO_COMMON_BLOCKS = YES;
				GCC_OPTIMIZATION_LEVEL = 0;
				GCC_PREPROCESSOR_DEFINITIONS = (
					"DEBUG=1",
					"$(inherited)",
				);
				GCC_WARN_64_TO_32_BIT_CONVERSION = YES;
				GCC_WARN_ABOUT_RETURN_TYPE = YES_ERROR;
				GCC_WARN_UNDECLARED_SELECTOR = YES;
				GCC_WARN_UNINITIALIZED_AUTOS = YES_AGGRESSIVE;
				GCC_WARN_UNUSED_FUNCTION = YES;
				GCC_WARN_UNUSED_VARIABLE = YES;
				IPHONEOS_DEPLOYMENT_TARGET = 10.0;
				MTL_ENABLE_DEBUG_INFO = YES;
				ONLY_ACTIVE_ARCH = YES;
				SDKROOT = iphoneos;
				SWIFT_ACTIVE_COMPILATION_CONDITIONS = DEBUG;
				SWIFT_OPTIMIZATION_LEVEL = "-Onone";
				TARGETED_DEVICE_FAMILY = "1,2";
			};
			name = Debug;
		};
		7CC64EEB1DC094D300837559 /* Release */ = {
			isa = XCBuildConfiguration;
			buildSettings = {
				ALWAYS_SEARCH_USER_PATHS = NO;
				CLANG_ANALYZER_NONNULL = YES;
				CLANG_CXX_LANGUAGE_STANDARD = "gnu++0x";
				CLANG_CXX_LIBRARY = "libc++";
				CLANG_ENABLE_MODULES = YES;
				CLANG_ENABLE_OBJC_ARC = YES;
				CLANG_WARN_BOOL_CONVERSION = YES;
				CLANG_WARN_CONSTANT_CONVERSION = YES;
				CLANG_WARN_DIRECT_OBJC_ISA_USAGE = YES_ERROR;
				CLANG_WARN_DOCUMENTATION_COMMENTS = YES;
				CLANG_WARN_EMPTY_BODY = YES;
				CLANG_WARN_ENUM_CONVERSION = YES;
				CLANG_WARN_INFINITE_RECURSION = YES;
				CLANG_WARN_INT_CONVERSION = YES;
				CLANG_WARN_OBJC_ROOT_CLASS = YES_ERROR;
				CLANG_WARN_SUSPICIOUS_MOVES = YES;
				CLANG_WARN_UNREACHABLE_CODE = YES;
				CLANG_WARN__DUPLICATE_METHOD_MATCH = YES;
				"CODE_SIGN_IDENTITY[sdk=iphoneos*]" = "iPhone Developer";
				COPY_PHASE_STRIP = NO;
				DEBUG_INFORMATION_FORMAT = "dwarf-with-dsym";
				ENABLE_NS_ASSERTIONS = NO;
				ENABLE_STRICT_OBJC_MSGSEND = YES;
				GCC_C_LANGUAGE_STANDARD = gnu99;
				GCC_NO_COMMON_BLOCKS = YES;
				GCC_WARN_64_TO_32_BIT_CONVERSION = YES;
				GCC_WARN_ABOUT_RETURN_TYPE = YES_ERROR;
				GCC_WARN_UNDECLARED_SELECTOR = YES;
				GCC_WARN_UNINITIALIZED_AUTOS = YES_AGGRESSIVE;
				GCC_WARN_UNUSED_FUNCTION = YES;
				GCC_WARN_UNUSED_VARIABLE = YES;
				IPHONEOS_DEPLOYMENT_TARGET = 10.0;
				MTL_ENABLE_DEBUG_INFO = NO;
				SDKROOT = iphoneos;
				SWIFT_OPTIMIZATION_LEVEL = "-Owholemodule";
				TARGETED_DEVICE_FAMILY = "1,2";
				VALIDATE_PRODUCT = YES;
			};
			name = Release;
		};
		7CC64EED1DC094D300837559 /* Debug */ = {
			isa = XCBuildConfiguration;
			buildSettings = {
				ASSETCATALOG_COMPILER_APPICON_NAME = AppIcon;
				INFOPLIST_FILE = SplitView/Info.plist;
				LD_RUNPATH_SEARCH_PATHS = "$(inherited) @executable_path/Frameworks";
				PRODUCT_BUNDLE_IDENTIFIER = sharad.SplitView;
				PRODUCT_NAME = "$(TARGET_NAME)";
				SWIFT_VERSION = 3.0;
			};
			name = Debug;
		};
		7CC64EEE1DC094D300837559 /* Release */ = {
			isa = XCBuildConfiguration;
			buildSettings = {
				ASSETCATALOG_COMPILER_APPICON_NAME = AppIcon;
				INFOPLIST_FILE = SplitView/Info.plist;
				LD_RUNPATH_SEARCH_PATHS = "$(inherited) @executable_path/Frameworks";
				PRODUCT_BUNDLE_IDENTIFIER = sharad.SplitView;
				PRODUCT_NAME = "$(TARGET_NAME)";
				SWIFT_VERSION = 3.0;
			};
			name = Release;
		};
		7CC64EF01DC094D300837559 /* Debug */ = {
			isa = XCBuildConfiguration;
			buildSettings = {
				ALWAYS_EMBED_SWIFT_STANDARD_LIBRARIES = YES;
				BUNDLE_LOADER = "$(TEST_HOST)";
				INFOPLIST_FILE = SplitViewTests/Info.plist;
				LD_RUNPATH_SEARCH_PATHS = "$(inherited) @executable_path/Frameworks @loader_path/Frameworks";
				PRODUCT_BUNDLE_IDENTIFIER = sharad.SplitViewTests;
				PRODUCT_NAME = "$(TARGET_NAME)";
				SWIFT_VERSION = 3.0;
				TEST_HOST = "$(BUILT_PRODUCTS_DIR)/SplitView.app/SplitView";
			};
			name = Debug;
		};
		7CC64EF11DC094D300837559 /* Release */ = {
			isa = XCBuildConfiguration;
			buildSettings = {
				ALWAYS_EMBED_SWIFT_STANDARD_LIBRARIES = YES;
				BUNDLE_LOADER = "$(TEST_HOST)";
				INFOPLIST_FILE = SplitViewTests/Info.plist;
				LD_RUNPATH_SEARCH_PATHS = "$(inherited) @executable_path/Frameworks @loader_path/Frameworks";
				PRODUCT_BUNDLE_IDENTIFIER = sharad.SplitViewTests;
				PRODUCT_NAME = "$(TARGET_NAME)";
				SWIFT_VERSION = 3.0;
				TEST_HOST = "$(BUILT_PRODUCTS_DIR)/SplitView.app/SplitView";
			};
			name = Release;
		};
		7CC64EF31DC094D300837559 /* Debug */ = {
			isa = XCBuildConfiguration;
			buildSettings = {
				ALWAYS_EMBED_SWIFT_STANDARD_LIBRARIES = YES;
				INFOPLIST_FILE = SplitViewUITests/Info.plist;
				LD_RUNPATH_SEARCH_PATHS = "$(inherited) @executable_path/Frameworks @loader_path/Frameworks";
				PRODUCT_BUNDLE_IDENTIFIER = sharad.SplitViewUITests;
				PRODUCT_NAME = "$(TARGET_NAME)";
				SWIFT_VERSION = 3.0;
				TEST_TARGET_NAME = SplitView;
			};
			name = Debug;
		};
		7CC64EF41DC094D300837559 /* Release */ = {
			isa = XCBuildConfiguration;
			buildSettings = {
				ALWAYS_EMBED_SWIFT_STANDARD_LIBRARIES = YES;
				INFOPLIST_FILE = SplitViewUITests/Info.plist;
				LD_RUNPATH_SEARCH_PATHS = "$(inherited) @executable_path/Frameworks @loader_path/Frameworks";
				PRODUCT_BUNDLE_IDENTIFIER = sharad.SplitViewUITests;
				PRODUCT_NAME = "$(TARGET_NAME)";
				SWIFT_VERSION = 3.0;
				TEST_TARGET_NAME = SplitView;
			};
			name = Release;
		};
/* End XCBuildConfiguration section */

/* Begin XCConfigurationList section */
		7CC64EBF1DC094D300837559 /* Build configuration list for PBXProject "SplitView" */ = {
			isa = XCConfigurationList;
			buildConfigurations = (
				7CC64EEA1DC094D300837559 /* Debug */,
				7CC64EEB1DC094D300837559 /* Release */,
			);
			defaultConfigurationIsVisible = 0;
			defaultConfigurationName = Release;
		};
		7CC64EEC1DC094D300837559 /* Build configuration list for PBXNativeTarget "SplitView" */ = {
			isa = XCConfigurationList;
			buildConfigurations = (
				7CC64EED1DC094D300837559 /* Debug */,
				7CC64EEE1DC094D300837559 /* Release */,
			);
			defaultConfigurationIsVisible = 0;
		};
		7CC64EEF1DC094D300837559 /* Build configuration list for PBXNativeTarget "SplitViewTests" */ = {
			isa = XCConfigurationList;
			buildConfigurations = (
				7CC64EF01DC094D300837559 /* Debug */,
				7CC64EF11DC094D300837559 /* Release */,
			);
			defaultConfigurationIsVisible = 0;
		};
		7CC64EF21DC094D300837559 /* Build configuration list for PBXNativeTarget "SplitViewUITests" */ = {
			isa = XCConfigurationList;
			buildConfigurations = (
				7CC64EF31DC094D300837559 /* Debug */,
				7CC64EF41DC094D300837559 /* Release */,
			);
			defaultConfigurationIsVisible = 0;
		};
/* End XCConfigurationList section */
	};
	rootObject = 7CC64EBC1DC094D300837559 /* Project object */;
}
