// !$*UTF8*$!
{
	archiveVersion = 1;
	classes = {
	};
	objectVersion = 46;
	objects = {

/* Begin PBXBuildFile section */
		7CB384DA1E2134030050BF9D /* AppDelegate.swift in Sources */ = {isa = PBXBuildFile; fileRef = 7CB384D91E2134030050BF9D /* AppDelegate.swift */; };
		7CB384DC1E2134030050BF9D /* CalculatorViewController.swift in Sources */ = {isa = PBXBuildFile; fileRef = 7CB384DB1E2134030050BF9D /* CalculatorViewController.swift */; };
		7CB384DF1E2134030050BF9D /* Main.storyboard in Resources */ = {isa = PBXBuildFile; fileRef = 7CB384DD1E2134030050BF9D /* Main.storyboard */; };
		7CB384E11E2134030050BF9D /* Assets.xcassets in Resources */ = {isa = PBXBuildFile; fileRef = 7CB384E01E2134030050BF9D /* Assets.xcassets */; };
		7CB384E41E2134030050BF9D /* LaunchScreen.storyboard in Resources */ = {isa = PBXBuildFile; fileRef = 7CB384E21E2134030050BF9D /* LaunchScreen.storyboard */; };
		7CB384ED1E214B260050BF9D /* calculatorBrain.swift in Sources */ = {isa = PBXBuildFile; fileRef = 7CB384EC1E214B260050BF9D /* calculatorBrain.swift */; };
/* End PBXBuildFile section */

/* Begin PBXFileReference section */
		7CB384D61E2134030050BF9D /* Calculator.app */ = {isa = PBXFileReference; explicitFileType = wrapper.application; includeInIndex = 0; path = Calculator.app; sourceTree = BUILT_PRODUCTS_DIR; };
		7CB384D91E2134030050BF9D /* AppDelegate.swift */ = {isa = PBXFileReference; lastKnownFileType = sourcecode.swift; path = AppDelegate.swift; sourceTree = "<group>"; };
		7CB384DB1E2134030050BF9D /* CalculatorViewController.swift */ = {isa = PBXFileReference; lastKnownFileType = sourcecode.swift; path = CalculatorViewController.swift; sourceTree = "<group>"; };
		7CB384DE1E2134030050BF9D /* Base */ = {isa = PBXFileReference; lastKnownFileType = file.storyboard; name = Base; path = Base.lproj/Main.storyboard; sourceTree = "<group>"; };
		7CB384E01E2134030050BF9D /* Assets.xcassets */ = {isa = PBXFileReference; lastKnownFileType = folder.assetcatalog; path = Assets.xcassets; sourceTree = "<group>"; };
		7CB384E31E2134030050BF9D /* Base */ = {isa = PBXFileReference; lastKnownFileType = file.storyboard; name = Base; path = Base.lproj/LaunchScreen.storyboard; sourceTree = "<group>"; };
		7CB384E51E2134030050BF9D /* Info.plist */ = {isa = PBXFileReference; lastKnownFileType = text.plist.xml; path = Info.plist; sourceTree = "<group>"; };
		7CB384EC1E214B260050BF9D /* calculatorBrain.swift */ = {isa = PBXFileReference; fileEncoding = 4; lastKnownFileType = sourcecode.swift; name = calculatorBrain.swift; path = ../calculatorBrain.swift; sourceTree = "<group>"; };
/* End PBXFileReference section */

/* Begin PBXFrameworksBuildPhase section */
		7CB384D31E2134030050BF9D /* Frameworks */ = {
			isa = PBXFrameworksBuildPhase;
			buildActionMask = 2147483647;
			files = (
			);
			runOnlyForDeploymentPostprocessing = 0;
		};
/* End PBXFrameworksBuildPhase section */

/* Begin PBXGroup section */
		7CB384CD1E2134030050BF9D = {
			isa = PBXGroup;
			children = (
				7CB384D81E2134030050BF9D /* Calculator */,
				7CB384D71E2134030050BF9D /* Products */,
			);
			sourceTree = "<group>";
		};
		7CB384D71E2134030050BF9D /* Products */ = {
			isa = PBXGroup;
			children = (
				7CB384D61E2134030050BF9D /* Calculator.app */,
			);
			name = Products;
			sourceTree = "<group>";
		};
		7CB384D81E2134030050BF9D /* Calculator */ = {
			isa = PBXGroup;
			children = (
				7CB384EC1E214B260050BF9D /* calculatorBrain.swift */,
				7CB384DB1E2134030050BF9D /* CalculatorViewController.swift */,
				7CB384DD1E2134030050BF9D /* Main.storyboard */,
				7CB384EB1E2134130050BF9D /* Supporting Files */,
			);
			path = Calculator;
			sourceTree = "<group>";
		};
		7CB384EB1E2134130050BF9D /* Supporting Files */ = {
			isa = PBXGroup;
			children = (
				7CB384D91E2134030050BF9D /* AppDelegate.swift */,
				7CB384E01E2134030050BF9D /* Assets.xcassets */,
				7CB384E21E2134030050BF9D /* LaunchScreen.storyboard */,
				7CB384E51E2134030050BF9D /* Info.plist */,
			);
			name = "Supporting Files";
			sourceTree = "<group>";
		};
/* End PBXGroup section */

/* Begin PBXNativeTarget section */
		7CB384D51E2134030050BF9D /* Calculator */ = {
			isa = PBXNativeTarget;
			buildConfigurationList = 7CB384E81E2134030050BF9D /* Build configuration list for PBXNativeTarget "Calculator" */;
			buildPhases = (
				7CB384D21E2134030050BF9D /* Sources */,
				7CB384D31E2134030050BF9D /* Frameworks */,
				7CB384D41E2134030050BF9D /* Resources */,
			);
			buildRules = (
			);
			dependencies = (
			);
			name = Calculator;
			productName = Calculator;
			productReference = 7CB384D61E2134030050BF9D /* Calculator.app */;
			productType = "com.apple.product-type.application";
		};
/* End PBXNativeTarget section */

/* Begin PBXProject section */
		7CB384CE1E2134030050BF9D /* Project object */ = {
			isa = PBXProject;
			attributes = {
				LastSwiftUpdateCheck = 0820;
				LastUpgradeCheck = 0820;
				ORGANIZATIONNAME = "Sharad Paghadal";
				TargetAttributes = {
					7CB384D51E2134030050BF9D = {
						CreatedOnToolsVersion = 8.2.1;
						DevelopmentTeam = C5XEZTF82T;
						ProvisioningStyle = Automatic;
					};
				};
			};
			buildConfigurationList = 7CB384D11E2134030050BF9D /* Build configuration list for PBXProject "Calculator" */;
			compatibilityVersion = "Xcode 3.2";
			developmentRegion = English;
			hasScannedForEncodings = 0;
			knownRegions = (
				en,
				Base,
			);
			mainGroup = 7CB384CD1E2134030050BF9D;
			productRefGroup = 7CB384D71E2134030050BF9D /* Products */;
			projectDirPath = "";
			projectRoot = "";
			targets = (
				7CB384D51E2134030050BF9D /* Calculator */,
			);
		};
/* End PBXProject section */

/* Begin PBXResourcesBuildPhase section */
		7CB384D41E2134030050BF9D /* Resources */ = {
			isa = PBXResourcesBuildPhase;
			buildActionMask = 2147483647;
			files = (
				7CB384E41E2134030050BF9D /* LaunchScreen.storyboard in Resources */,
				7CB384E11E2134030050BF9D /* Assets.xcassets in Resources */,
				7CB384DF1E2134030050BF9D /* Main.storyboard in Resources */,
			);
			runOnlyForDeploymentPostprocessing = 0;
		};
/* End PBXResourcesBuildPhase section */

/* Begin PBXSourcesBuildPhase section */
		7CB384D21E2134030050BF9D /* Sources */ = {
			isa = PBXSourcesBuildPhase;
			buildActionMask = 2147483647;
			files = (
				7CB384ED1E214B260050BF9D /* calculatorBrain.swift in Sources */,
				7CB384DC1E2134030050BF9D /* CalculatorViewController.swift in Sources */,
				7CB384DA1E2134030050BF9D /* AppDelegate.swift in Sources */,
			);
			runOnlyForDeploymentPostprocessing = 0;
		};
/* End PBXSourcesBuildPhase section */

/* Begin PBXVariantGroup section */
		7CB384DD1E2134030050BF9D /* Main.storyboard */ = {
			isa = PBXVariantGroup;
			children = (
				7CB384DE1E2134030050BF9D /* Base */,
			);
			name = Main.storyboard;
			sourceTree = "<group>";
		};
		7CB384E21E2134030050BF9D /* LaunchScreen.storyboard */ = {
			isa = PBXVariantGroup;
			children = (
				7CB384E31E2134030050BF9D /* Base */,
			);
			name = LaunchScreen.storyboard;
			sourceTree = "<group>";
		};
/* End PBXVariantGroup section */

/* Begin XCBuildConfiguration section */
		7CB384E61E2134030050BF9D /* Debug */ = {
			isa = XCBuildConfiguration;
			buildSettings = {
				ALWAYS_SEARCH_USER_PATHS = NO;
				CLANG_ANALYZER_NONNULL = YES;
				CLANG_CXX_LANGUAGE_STANDARD = "gnu++0x";
				CLANG_CXX_LIBRARY = "libc++";
				CLANG_ENABLE_MODULES = YES;
				CLANG_ENABLE_OBJC_ARC = YES;
				CLANG_WARN_BOOL_CONVERSION = YES;
				CLANG_WARN_CONSTANT_CONVERSION = YES;
				CLANG_WARN_DIRECT_OBJC_ISA_USAGE = YES_ERROR;
				CLANG_WARN_DOCUMENTATION_COMMENTS = YES;
				CLANG_WARN_EMPTY_BODY = YES;
				CLANG_WARN_ENUM_CONVERSION = YES;
				CLANG_WARN_INFINITE_RECURSION = YES;
				CLANG_WARN_INT_CONVERSION = YES;
				CLANG_WARN_OBJC_ROOT_CLASS = YES_ERROR;
				CLANG_WARN_SUSPICIOUS_MOVE = YES;
				CLANG_WARN_UNREACHABLE_CODE = YES;
				CLANG_WARN__DUPLICATE_METHOD_MATCH = YES;
				"CODE_SIGN_IDENTITY[sdk=iphoneos*]" = "iPhone Developer";
				COPY_PHASE_STRIP = NO;
				DEBUG_INFORMATION_FORMAT = dwarf;
				ENABLE_STRICT_OBJC_MSGSEND = YES;
				ENABLE_TESTABILITY = YES;
				GCC_C_LANGUAGE_STANDARD = gnu99;
				GCC_DYNAMIC_NO_PIC = NO;
				GCC_NO_COMMON_BLOCKS = YES;
				GCC_OPTIMIZATION_LEVEL = 0;
				GCC_PREPROCESSOR_DEFINITIONS = (
					"DEBUG=1",
					"$(inherited)",
				);
				GCC_WARN_64_TO_32_BIT_CONVERSION = YES;
				GCC_WARN_ABOUT_RETURN_TYPE = YES_ERROR;
				GCC_WARN_UNDECLARED_SELECTOR = YES;
				GCC_WARN_UNINITIALIZED_AUTOS = YES_AGGRESSIVE;
				GCC_WARN_UNUSED_FUNCTION = YES;
				GCC_WARN_UNUSED_VARIABLE = YES;
				IPHONEOS_DEPLOYMENT_TARGET = 10.2;
				MTL_ENABLE_DEBUG_INFO = YES;
				ONLY_ACTIVE_ARCH = YES;
				SDKROOT = iphoneos;
				SWIFT_ACTIVE_COMPILATION_CONDITIONS = DEBUG;
				SWIFT_OPTIMIZATION_LEVEL = "-Onone";
				TARGETED_DEVICE_FAMILY = "1,2";
			};
			name = Debug;
		};
		7CB384E71E2134030050BF9D /* Release */ = {
			isa = XCBuildConfiguration;
			buildSettings = {
				ALWAYS_SEARCH_USER_PATHS = NO;
				CLANG_ANALYZER_NONNULL = YES;
				CLANG_CXX_LANGUAGE_STANDARD = "gnu++0x";
				CLANG_CXX_LIBRARY = "libc++";
				CLANG_ENABLE_MODULES = YES;
				CLANG_ENABLE_OBJC_ARC = YES;
				CLANG_WARN_BOOL_CONVERSION = YES;
				CLANG_WARN_CONSTANT_CONVERSION = YES;
				CLANG_WARN_DIRECT_OBJC_ISA_USAGE = YES_ERROR;
				CLANG_WARN_DOCUMENTATION_COMMENTS = YES;
				CLANG_WARN_EMPTY_BODY = YES;
				CLANG_WARN_ENUM_CONVERSION = YES;
				CLANG_WARN_INFINITE_RECURSION = YES;
				CLANG_WARN_INT_CONVERSION = YES;
				CLANG_WARN_OBJC_ROOT_CLASS = YES_ERROR;
				CLANG_WARN_SUSPICIOUS_MOVE = YES;
				CLANG_WARN_UNREACHABLE_CODE = YES;
				CLANG_WARN__DUPLICATE_METHOD_MATCH = YES;
				"CODE_SIGN_IDENTITY[sdk=iphoneos*]" = "iPhone Developer";
				COPY_PHASE_STRIP = NO;
				DEBUG_INFORMATION_FORMAT = "dwarf-with-dsym";
				ENABLE_NS_ASSERTIONS = NO;
				ENABLE_STRICT_OBJC_MSGSEND = YES;
				GCC_C_LANGUAGE_STANDARD = gnu99;
				GCC_NO_COMMON_BLOCKS = YES;
				GCC_WARN_64_TO_32_BIT_CONVERSION = YES;
				GCC_WARN_ABOUT_RETURN_TYPE = YES_ERROR;
				GCC_WARN_UNDECLARED_SELECTOR = YES;
				GCC_WARN_UNINITIALIZED_AUTOS = YES_AGGRESSIVE;
				GCC_WARN_UNUSED_FUNCTION = YES;
				GCC_WARN_UNUSED_VARIABLE = YES;
				IPHONEOS_DEPLOYMENT_TARGET = 10.2;
				MTL_ENABLE_DEBUG_INFO = NO;
				SDKROOT = iphoneos;
				SWIFT_OPTIMIZATION_LEVEL = "-Owholemodule";
				TARGETED_DEVICE_FAMILY = "1,2";
				VALIDATE_PRODUCT = YES;
			};
			name = Release;
		};
		7CB384E91E2134030050BF9D /* Debug */ = {
			isa = XCBuildConfiguration;
			buildSettings = {
				ASSETCATALOG_COMPILER_APPICON_NAME = AppIcon;
				DEVELOPMENT_TEAM = C5XEZTF82T;
				INFOPLIST_FILE = Calculator/Info.plist;
				LD_RUNPATH_SEARCH_PATHS = "$(inherited) @executable_path/Frameworks";
				PRODUCT_BUNDLE_IDENTIFIER = com.sharad.Calculator;
				PRODUCT_NAME = "$(TARGET_NAME)";
				SWIFT_VERSION = 3.0;
			};
			name = Debug;
		};
		7CB384EA1E2134030050BF9D /* Release */ = {
			isa = XCBuildConfiguration;
			buildSettings = {
				ASSETCATALOG_COMPILER_APPICON_NAME = AppIcon;
				DEVELOPMENT_TEAM = C5XEZTF82T;
				INFOPLIST_FILE = Calculator/Info.plist;
				LD_RUNPATH_SEARCH_PATHS = "$(inherited) @executable_path/Frameworks";
				PRODUCT_BUNDLE_IDENTIFIER = com.sharad.Calculator;
				PRODUCT_NAME = "$(TARGET_NAME)";
				SWIFT_VERSION = 3.0;
			};
			name = Release;
		};
/* End XCBuildConfiguration section */

/* Begin XCConfigurationList section */
		7CB384D11E2134030050BF9D /* Build configuration list for PBXProject "Calculator" */ = {
			isa = XCConfigurationList;
			buildConfigurations = (
				7CB384E61E2134030050BF9D /* Debug */,
				7CB384E71E2134030050BF9D /* Release */,
			);
			defaultConfigurationIsVisible = 0;
			defaultConfigurationName = Release;
		};
		7CB384E81E2134030050BF9D /* Build configuration list for PBXNativeTarget "Calculator" */ = {
			isa = XCConfigurationList;
			buildConfigurations = (
				7CB384E91E2134030050BF9D /* Debug */,
				7CB384EA1E2134030050BF9D /* Release */,
			);
			defaultConfigurationIsVisible = 0;
			defaultConfigurationName = Release;
		};
/* End XCConfigurationList section */
	};
	rootObject = 7CB384CE1E2134030050BF9D /* Project object */;
}
